// !$*UTF8*$!
{
	archiveVersion = 1;
	classes = {
	};
	objectVersion = 46;
	objects = {

/* Begin PBXBuildFile section */
		1D3623260D0F684500981E51 /* AppDelegate.m in Sources */ = {isa = PBXBuildFile; fileRef = 1D3623250D0F684500981E51 /* AppDelegate.m */; };
		1D60589B0D05DD56006BFB54 /* main.m in Sources */ = {isa = PBXBuildFile; fileRef = 29B97316FDCFA39411CA2CEA /* main.m */; };
		1D60589F0D05DD5A006BFB54 /* Foundation.framework in Frameworks */ = {isa = PBXBuildFile; fileRef = 1D30AB110D05D00D00671497 /* Foundation.framework */; };
		1DF5F4E00D08C38300B7A737 /* UIKit.framework in Frameworks */ = {isa = PBXBuildFile; fileRef = 1DF5F4DF0D08C38300B7A737 /* UIKit.framework */; };
		2804200B108E984D000629CD /* SavedSearchesViewController.m in Sources */ = {isa = PBXBuildFile; fileRef = 28042008108E984D000629CD /* SavedSearchesViewController.m */; };
		2804200C108E984D000629CD /* MainViewController.m in Sources */ = {isa = PBXBuildFile; fileRef = 2804200A108E984D000629CD /* MainViewController.m */; };
		2804203C108E9BAB000629CD /* MainView.xib in Resources */ = {isa = PBXBuildFile; fileRef = 2804203B108E9BAB000629CD /* MainView.xib */; };
		2892E4100DC94CBA00A64D0F /* CoreGraphics.framework in Frameworks */ = {isa = PBXBuildFile; fileRef = 2892E40F0DC94CBA00A64D0F /* CoreGraphics.framework */; };
		28AD73600D9D9599002E5188 /* MainWindow.xib in Resources */ = {isa = PBXBuildFile; fileRef = 28AD735F0D9D9599002E5188 /* MainWindow.xib */; };
		B04298A6112EE05F00627F07 /* DocumentImage.m in Sources */ = {isa = PBXBuildFile; fileRef = B04298A5112EE05F00627F07 /* DocumentImage.m */; };
		B08BC367112C4CDC00851E7A /* UserSettings.m in Sources */ = {isa = PBXBuildFile; fileRef = B08BC366112C4CDC00851E7A /* UserSettings.m */; };
		C4158C22112097500070FE54 /* SearchResultCell.m in Sources */ = {isa = PBXBuildFile; fileRef = C4158C21112097500070FE54 /* SearchResultCell.m */; };
		C4158C24112097710070FE54 /* SearchResultCell.xib in Resources */ = {isa = PBXBuildFile; fileRef = C4158C23112097710070FE54 /* SearchResultCell.xib */; };
		C46EB7231120A42B00FFB032 /* UILabelEx.m in Sources */ = {isa = PBXBuildFile; fileRef = C46EB7221120A42B00FFB032 /* UILabelEx.m */; };
		C46EB7D51120C35200FFB032 /* NewPage.xib in Resources */ = {isa = PBXBuildFile; fileRef = C46EB7D41120C35200FFB032 /* NewPage.xib */; };
		C47EB321112B004100DDD1D5 /* CXMLDocument_CreationExtensions.m in Sources */ = {isa = PBXBuildFile; fileRef = C47EB30A112B004100DDD1D5 /* CXMLDocument_CreationExtensions.m */; };
		C47EB322112B004100DDD1D5 /* CXMLNode_CreationExtensions.m in Sources */ = {isa = PBXBuildFile; fileRef = C47EB30C112B004100DDD1D5 /* CXMLNode_CreationExtensions.m */; };
		C47EB323112B004100DDD1D5 /* CXMLDocument_PrivateExtensions.m in Sources */ = {isa = PBXBuildFile; fileRef = C47EB30E112B004100DDD1D5 /* CXMLDocument_PrivateExtensions.m */; };
		C47EB324112B004100DDD1D5 /* CXMLDocument.m in Sources */ = {isa = PBXBuildFile; fileRef = C47EB310112B004100DDD1D5 /* CXMLDocument.m */; };
		C47EB325112B004100DDD1D5 /* CXMLElement_CreationExtensions.m in Sources */ = {isa = PBXBuildFile; fileRef = C47EB312112B004100DDD1D5 /* CXMLElement_CreationExtensions.m */; };
		C47EB326112B004100DDD1D5 /* CXMLElement_ElementTreeExtensions.m in Sources */ = {isa = PBXBuildFile; fileRef = C47EB314112B004100DDD1D5 /* CXMLElement_ElementTreeExtensions.m */; };
		C47EB327112B004100DDD1D5 /* CXMLElement.m in Sources */ = {isa = PBXBuildFile; fileRef = C47EB316112B004100DDD1D5 /* CXMLElement.m */; };
		C47EB328112B004100DDD1D5 /* CXMLNode_PrivateExtensions.m in Sources */ = {isa = PBXBuildFile; fileRef = C47EB318112B004100DDD1D5 /* CXMLNode_PrivateExtensions.m */; };
		C47EB329112B004100DDD1D5 /* CXMLNode_XPathExtensions.m in Sources */ = {isa = PBXBuildFile; fileRef = C47EB31A112B004100DDD1D5 /* CXMLNode_XPathExtensions.m */; };
		C47EB32A112B004100DDD1D5 /* CXMLNode.m in Sources */ = {isa = PBXBuildFile; fileRef = C47EB31C112B004100DDD1D5 /* CXMLNode.m */; };
		C47EB32B112B004100DDD1D5 /* CTidy.m in Sources */ = {isa = PBXBuildFile; fileRef = C47EB31F112B004100DDD1D5 /* CTidy.m */; };
		C47EB33E112B006600DDD1D5 /* Base64.m in Sources */ = {isa = PBXBuildFile; fileRef = C47EB32D112B006600DDD1D5 /* Base64.m */; };
		C47EB33F112B006600DDD1D5 /* FacetField.m in Sources */ = {isa = PBXBuildFile; fileRef = C47EB32F112B006600DDD1D5 /* FacetField.m */; };
		C47EB340112B006600DDD1D5 /* FacetValue.m in Sources */ = {isa = PBXBuildFile; fileRef = C47EB331112B006600DDD1D5 /* FacetValue.m */; };
		C47EB342112B006600DDD1D5 /* Search.m in Sources */ = {isa = PBXBuildFile; fileRef = C47EB335112B006600DDD1D5 /* Search.m */; };
		C47EB343112B006600DDD1D5 /* SearchArguments.m in Sources */ = {isa = PBXBuildFile; fileRef = C47EB337112B006600DDD1D5 /* SearchArguments.m */; };
		C47EB344112B006600DDD1D5 /* SearchClient.m in Sources */ = {isa = PBXBuildFile; fileRef = C47EB339112B006600DDD1D5 /* SearchClient.m */; };
		C47EB345112B006600DDD1D5 /* SearchResult.m in Sources */ = {isa = PBXBuildFile; fileRef = C47EB33B112B006600DDD1D5 /* SearchResult.m */; };
		C47EB346112B006600DDD1D5 /* SearchResults.m in Sources */ = {isa = PBXBuildFile; fileRef = C47EB33D112B006600DDD1D5 /* SearchResults.m */; };
		C47EB35D112B027E00DDD1D5 /* Settings.bundle in Resources */ = {isa = PBXBuildFile; fileRef = C47EB35C112B027E00DDD1D5 /* Settings.bundle */; };
		C49090FB1119F54D007F30BA /* SavedSearchesController.m in Sources */ = {isa = PBXBuildFile; fileRef = C49090FA1119F54D007F30BA /* SavedSearchesController.m */; };
		C49091071119F99D007F30BA /* SavedSearchController.m in Sources */ = {isa = PBXBuildFile; fileRef = C49091061119F99D007F30BA /* SavedSearchController.m */; };
		C4BF00E0112DBD860005AA73 /* PageViewController.m in Sources */ = {isa = PBXBuildFile; fileRef = C4BF00DF112DBD860005AA73 /* PageViewController.m */; };
		C4BF00E3112DBDBB0005AA73 /* DocumentViewController.m in Sources */ = {isa = PBXBuildFile; fileRef = C4BF00E2112DBDBB0005AA73 /* DocumentViewController.m */; };
		C4BF00F7112DC41C0005AA73 /* PageView.xib in Resources */ = {isa = PBXBuildFile; fileRef = C4BF00F6112DC41C0005AA73 /* PageView.xib */; };
		C4BF01BB112DCE820005AA73 /* DocumentView.xib in Resources */ = {isa = PBXBuildFile; fileRef = C4BF01BA112DCE820005AA73 /* DocumentView.xib */; };
		C4D82853111B1DD000947677 /* Page.m in Sources */ = {isa = PBXBuildFile; fileRef = C4D82852111B1DD000947677 /* Page.m */; };
		C4D82856111B1DE400947677 /* SavedSearch.m in Sources */ = {isa = PBXBuildFile; fileRef = C4D82855111B1DE400947677 /* SavedSearch.m */; };
		C4E13B701132D11300FC8A44 /* ImagePickerViewController.m in Sources */ = {isa = PBXBuildFile; fileRef = C4E13B6F1132D11300FC8A44 /* ImagePickerViewController.m */; };
		C4E13B8C1132D29200FC8A44 /* ImagePickerView.xib in Resources */ = {isa = PBXBuildFile; fileRef = C4E13B8B1132D29200FC8A44 /* ImagePickerView.xib */; };
		C4E13C101132E7B300FC8A44 /* readability.js in Resources */ = {isa = PBXBuildFile; fileRef = C4E13C0F1132E7B300FC8A44 /* readability.js */; };
		C4E13C4B1132F34E00FC8A44 /* DocumentTextViewController.m in Sources */ = {isa = PBXBuildFile; fileRef = C4E13C4A1132F34E00FC8A44 /* DocumentTextViewController.m */; };
		C4E13C4D1132F4CE00FC8A44 /* DocumentTextView.xib in Resources */ = {isa = PBXBuildFile; fileRef = C4E13C4C1132F4CE00FC8A44 /* DocumentTextView.xib */; };
		C4E13C7F11330A6700FC8A44 /* DocumentEditViewController.m in Sources */ = {isa = PBXBuildFile; fileRef = C4E13C7E11330A6700FC8A44 /* DocumentEditViewController.m */; };
		C4E13C8111330B7400FC8A44 /* DocumentEditView.xib in Resources */ = {isa = PBXBuildFile; fileRef = C4E13C8011330B7400FC8A44 /* DocumentEditView.xib */; };
		C4E13CCE11331FAA00FC8A44 /* NewsletterDetailView.xib in Resources */ = {isa = PBXBuildFile; fileRef = C4E13CCD11331FAA00FC8A44 /* NewsletterDetailView.xib */; };
		C4E13CD71133254900FC8A44 /* NewsletterDetailViewController.m in Sources */ = {isa = PBXBuildFile; fileRef = C4E13CD61133254900FC8A44 /* NewsletterDetailViewController.m */; };
		C4E13D39113339B800FC8A44 /* EditableTableCell.m in Sources */ = {isa = PBXBuildFile; fileRef = C4E13D38113339B800FC8A44 /* EditableTableCell.m */; };
		C4E34D25112B1E6E00F193D9 /* LoginTicket.m in Sources */ = {isa = PBXBuildFile; fileRef = C4E34D24112B1E6E00F193D9 /* LoginTicket.m */; };
		C4F0B14C1118DF6B0036B900 /* PagesViewController.m in Sources */ = {isa = PBXBuildFile; fileRef = C4F0B14B1118DF6B0036B900 /* PagesViewController.m */; };
		C4F0B18B1118E6570036B900 /* SavedSearchesView.xib in Resources */ = {isa = PBXBuildFile; fileRef = C4F0B18A1118E6570036B900 /* SavedSearchesView.xib */; };
/* End PBXBuildFile section */

/* Begin PBXFileReference section */
		1D30AB110D05D00D00671497 /* Foundation.framework */ = {isa = PBXFileReference; lastKnownFileType = wrapper.framework; name = Foundation.framework; path = System/Library/Frameworks/Foundation.framework; sourceTree = SDKROOT; };
		1D3623240D0F684500981E51 /* AppDelegate.h */ = {isa = PBXFileReference; fileEncoding = 4; lastKnownFileType = sourcecode.c.h; path = AppDelegate.h; sourceTree = "<group>"; };
		1D3623250D0F684500981E51 /* AppDelegate.m */ = {isa = PBXFileReference; fileEncoding = 4; lastKnownFileType = sourcecode.c.objc; path = AppDelegate.m; sourceTree = "<group>"; };
		1D6058910D05DD3D006BFB54 /* InfoNgen Pub.app */ = {isa = PBXFileReference; explicitFileType = wrapper.application; includeInIndex = 0; path = "InfoNgen Pub.app"; sourceTree = BUILT_PRODUCTS_DIR; };
		1DF5F4DF0D08C38300B7A737 /* UIKit.framework */ = {isa = PBXFileReference; lastKnownFileType = wrapper.framework; name = UIKit.framework; path = System/Library/Frameworks/UIKit.framework; sourceTree = SDKROOT; };
		28042007108E984D000629CD /* SavedSearchesViewController.h */ = {isa = PBXFileReference; fileEncoding = 4; lastKnownFileType = sourcecode.c.h; path = SavedSearchesViewController.h; sourceTree = "<group>"; };
		28042008108E984D000629CD /* SavedSearchesViewController.m */ = {isa = PBXFileReference; fileEncoding = 4; lastKnownFileType = sourcecode.c.objc; path = SavedSearchesViewController.m; sourceTree = "<group>"; };
		28042009108E984D000629CD /* MainViewController.h */ = {isa = PBXFileReference; fileEncoding = 4; lastKnownFileType = sourcecode.c.h; path = MainViewController.h; sourceTree = "<group>"; };
		2804200A108E984D000629CD /* MainViewController.m */ = {isa = PBXFileReference; fileEncoding = 4; lastKnownFileType = sourcecode.c.objc; path = MainViewController.m; sourceTree = "<group>"; };
		2804203B108E9BAB000629CD /* MainView.xib */ = {isa = PBXFileReference; lastKnownFileType = file.xib; path = MainView.xib; sourceTree = "<group>"; };
		2892E40F0DC94CBA00A64D0F /* CoreGraphics.framework */ = {isa = PBXFileReference; lastKnownFileType = wrapper.framework; name = CoreGraphics.framework; path = System/Library/Frameworks/CoreGraphics.framework; sourceTree = SDKROOT; };
		28A0AAE50D9B0CCF005BE974 /* Untitled_Prefix.pch */ = {isa = PBXFileReference; fileEncoding = 4; lastKnownFileType = sourcecode.c.h; path = Untitled_Prefix.pch; sourceTree = "<group>"; };
		28AD735F0D9D9599002E5188 /* MainWindow.xib */ = {isa = PBXFileReference; lastKnownFileType = file.xib; path = MainWindow.xib; sourceTree = "<group>"; };
		29B97316FDCFA39411CA2CEA /* main.m */ = {isa = PBXFileReference; fileEncoding = 4; lastKnownFileType = sourcecode.c.objc; path = main.m; sourceTree = "<group>"; };
		8D1107310486CEB800E47090 /* Untitled-Info.plist */ = {isa = PBXFileReference; fileEncoding = 4; lastKnownFileType = text.plist.xml; path = "Untitled-Info.plist"; plistStructureDefinitionIdentifier = "com.apple.xcode.plist.structure-definition.iphone.info-plist"; sourceTree = "<group>"; };
		B04298A4112EE05F00627F07 /* DocumentImage.h */ = {isa = PBXFileReference; fileEncoding = 4; lastKnownFileType = sourcecode.c.h; path = DocumentImage.h; sourceTree = "<group>"; };
		B04298A5112EE05F00627F07 /* DocumentImage.m */ = {isa = PBXFileReference; fileEncoding = 4; lastKnownFileType = sourcecode.c.objc; path = DocumentImage.m; sourceTree = "<group>"; };
		B08BC365112C4CDC00851E7A /* UserSettings.h */ = {isa = PBXFileReference; fileEncoding = 4; lastKnownFileType = sourcecode.c.h; path = UserSettings.h; sourceTree = "<group>"; };
		B08BC366112C4CDC00851E7A /* UserSettings.m */ = {isa = PBXFileReference; fileEncoding = 4; lastKnownFileType = sourcecode.c.objc; path = UserSettings.m; sourceTree = "<group>"; };
		C4158C20112097500070FE54 /* SearchResultCell.h */ = {isa = PBXFileReference; fileEncoding = 4; lastKnownFileType = sourcecode.c.h; path = SearchResultCell.h; sourceTree = "<group>"; };
		C4158C21112097500070FE54 /* SearchResultCell.m */ = {isa = PBXFileReference; fileEncoding = 4; lastKnownFileType = sourcecode.c.objc; path = SearchResultCell.m; sourceTree = "<group>"; };
		C4158C23112097710070FE54 /* SearchResultCell.xib */ = {isa = PBXFileReference; lastKnownFileType = file.xib; path = SearchResultCell.xib; sourceTree = "<group>"; };
		C46EB7211120A42B00FFB032 /* UILabelEx.h */ = {isa = PBXFileReference; fileEncoding = 4; lastKnownFileType = sourcecode.c.h; path = UILabelEx.h; sourceTree = "<group>"; };
		C46EB7221120A42B00FFB032 /* UILabelEx.m */ = {isa = PBXFileReference; fileEncoding = 4; lastKnownFileType = sourcecode.c.objc; path = UILabelEx.m; sourceTree = "<group>"; };
		C46EB7D41120C35200FFB032 /* NewPage.xib */ = {isa = PBXFileReference; lastKnownFileType = file.xib; path = NewPage.xib; sourceTree = "<group>"; };
		C47EB309112B004100DDD1D5 /* CXMLDocument_CreationExtensions.h */ = {isa = PBXFileReference; fileEncoding = 4; lastKnownFileType = sourcecode.c.h; path = CXMLDocument_CreationExtensions.h; sourceTree = "<group>"; };
		C47EB30A112B004100DDD1D5 /* CXMLDocument_CreationExtensions.m */ = {isa = PBXFileReference; fileEncoding = 4; lastKnownFileType = sourcecode.c.objc; path = CXMLDocument_CreationExtensions.m; sourceTree = "<group>"; };
		C47EB30B112B004100DDD1D5 /* CXMLNode_CreationExtensions.h */ = {isa = PBXFileReference; fileEncoding = 4; lastKnownFileType = sourcecode.c.h; path = CXMLNode_CreationExtensions.h; sourceTree = "<group>"; };
		C47EB30C112B004100DDD1D5 /* CXMLNode_CreationExtensions.m */ = {isa = PBXFileReference; fileEncoding = 4; lastKnownFileType = sourcecode.c.objc; path = CXMLNode_CreationExtensions.m; sourceTree = "<group>"; };
		C47EB30D112B004100DDD1D5 /* CXMLDocument_PrivateExtensions.h */ = {isa = PBXFileReference; fileEncoding = 4; lastKnownFileType = sourcecode.c.h; path = CXMLDocument_PrivateExtensions.h; sourceTree = SOURCE_ROOT; };
		C47EB30E112B004100DDD1D5 /* CXMLDocument_PrivateExtensions.m */ = {isa = PBXFileReference; fileEncoding = 4; lastKnownFileType = sourcecode.c.objc; path = CXMLDocument_PrivateExtensions.m; sourceTree = SOURCE_ROOT; };
		C47EB30F112B004100DDD1D5 /* CXMLDocument.h */ = {isa = PBXFileReference; fileEncoding = 4; lastKnownFileType = sourcecode.c.h; path = CXMLDocument.h; sourceTree = SOURCE_ROOT; };
		C47EB310112B004100DDD1D5 /* CXMLDocument.m */ = {isa = PBXFileReference; fileEncoding = 4; lastKnownFileType = sourcecode.c.objc; path = CXMLDocument.m; sourceTree = SOURCE_ROOT; };
		C47EB311112B004100DDD1D5 /* CXMLElement_CreationExtensions.h */ = {isa = PBXFileReference; fileEncoding = 4; lastKnownFileType = sourcecode.c.h; path = CXMLElement_CreationExtensions.h; sourceTree = SOURCE_ROOT; };
		C47EB312112B004100DDD1D5 /* CXMLElement_CreationExtensions.m */ = {isa = PBXFileReference; fileEncoding = 4; lastKnownFileType = sourcecode.c.objc; path = CXMLElement_CreationExtensions.m; sourceTree = SOURCE_ROOT; };
		C47EB313112B004100DDD1D5 /* CXMLElement_ElementTreeExtensions.h */ = {isa = PBXFileReference; fileEncoding = 4; lastKnownFileType = sourcecode.c.h; path = CXMLElement_ElementTreeExtensions.h; sourceTree = SOURCE_ROOT; };
		C47EB314112B004100DDD1D5 /* CXMLElement_ElementTreeExtensions.m */ = {isa = PBXFileReference; fileEncoding = 4; lastKnownFileType = sourcecode.c.objc; path = CXMLElement_ElementTreeExtensions.m; sourceTree = SOURCE_ROOT; };
		C47EB315112B004100DDD1D5 /* CXMLElement.h */ = {isa = PBXFileReference; fileEncoding = 4; lastKnownFileType = sourcecode.c.h; path = CXMLElement.h; sourceTree = SOURCE_ROOT; };
		C47EB316112B004100DDD1D5 /* CXMLElement.m */ = {isa = PBXFileReference; fileEncoding = 4; lastKnownFileType = sourcecode.c.objc; path = CXMLElement.m; sourceTree = SOURCE_ROOT; };
		C47EB317112B004100DDD1D5 /* CXMLNode_PrivateExtensions.h */ = {isa = PBXFileReference; fileEncoding = 4; lastKnownFileType = sourcecode.c.h; path = CXMLNode_PrivateExtensions.h; sourceTree = SOURCE_ROOT; };
		C47EB318112B004100DDD1D5 /* CXMLNode_PrivateExtensions.m */ = {isa = PBXFileReference; fileEncoding = 4; lastKnownFileType = sourcecode.c.objc; path = CXMLNode_PrivateExtensions.m; sourceTree = SOURCE_ROOT; };
		C47EB319112B004100DDD1D5 /* CXMLNode_XPathExtensions.h */ = {isa = PBXFileReference; fileEncoding = 4; lastKnownFileType = sourcecode.c.h; path = CXMLNode_XPathExtensions.h; sourceTree = SOURCE_ROOT; };
		C47EB31A112B004100DDD1D5 /* CXMLNode_XPathExtensions.m */ = {isa = PBXFileReference; fileEncoding = 4; lastKnownFileType = sourcecode.c.objc; path = CXMLNode_XPathExtensions.m; sourceTree = SOURCE_ROOT; };
		C47EB31B112B004100DDD1D5 /* CXMLNode.h */ = {isa = PBXFileReference; fileEncoding = 4; lastKnownFileType = sourcecode.c.h; path = CXMLNode.h; sourceTree = SOURCE_ROOT; };
		C47EB31C112B004100DDD1D5 /* CXMLNode.m */ = {isa = PBXFileReference; fileEncoding = 4; lastKnownFileType = sourcecode.c.objc; path = CXMLNode.m; sourceTree = SOURCE_ROOT; };
		C47EB31E112B004100DDD1D5 /* CTidy.h */ = {isa = PBXFileReference; fileEncoding = 4; lastKnownFileType = sourcecode.c.h; path = CTidy.h; sourceTree = "<group>"; };
		C47EB31F112B004100DDD1D5 /* CTidy.m */ = {isa = PBXFileReference; fileEncoding = 4; lastKnownFileType = sourcecode.c.objc; path = CTidy.m; sourceTree = "<group>"; };
		C47EB320112B004100DDD1D5 /* TouchXML.h */ = {isa = PBXFileReference; fileEncoding = 4; lastKnownFileType = sourcecode.c.h; path = TouchXML.h; sourceTree = SOURCE_ROOT; };
		C47EB32C112B006600DDD1D5 /* Base64.h */ = {isa = PBXFileReference; fileEncoding = 4; lastKnownFileType = sourcecode.c.h; path = Base64.h; sourceTree = SOURCE_ROOT; };
		C47EB32D112B006600DDD1D5 /* Base64.m */ = {isa = PBXFileReference; fileEncoding = 4; lastKnownFileType = sourcecode.c.objc; path = Base64.m; sourceTree = SOURCE_ROOT; };
		C47EB32E112B006600DDD1D5 /* FacetField.h */ = {isa = PBXFileReference; fileEncoding = 4; lastKnownFileType = sourcecode.c.h; path = FacetField.h; sourceTree = SOURCE_ROOT; };
		C47EB32F112B006600DDD1D5 /* FacetField.m */ = {isa = PBXFileReference; fileEncoding = 4; lastKnownFileType = sourcecode.c.objc; path = FacetField.m; sourceTree = SOURCE_ROOT; };
		C47EB330112B006600DDD1D5 /* FacetValue.h */ = {isa = PBXFileReference; fileEncoding = 4; lastKnownFileType = sourcecode.c.h; path = FacetValue.h; sourceTree = SOURCE_ROOT; };
		C47EB331112B006600DDD1D5 /* FacetValue.m */ = {isa = PBXFileReference; fileEncoding = 4; lastKnownFileType = sourcecode.c.objc; path = FacetValue.m; sourceTree = SOURCE_ROOT; };
		C47EB334112B006600DDD1D5 /* Search.h */ = {isa = PBXFileReference; fileEncoding = 4; lastKnownFileType = sourcecode.c.h; path = Search.h; sourceTree = SOURCE_ROOT; };
		C47EB335112B006600DDD1D5 /* Search.m */ = {isa = PBXFileReference; fileEncoding = 4; lastKnownFileType = sourcecode.c.objc; path = Search.m; sourceTree = SOURCE_ROOT; };
		C47EB336112B006600DDD1D5 /* SearchArguments.h */ = {isa = PBXFileReference; fileEncoding = 4; lastKnownFileType = sourcecode.c.h; path = SearchArguments.h; sourceTree = SOURCE_ROOT; };
		C47EB337112B006600DDD1D5 /* SearchArguments.m */ = {isa = PBXFileReference; fileEncoding = 4; lastKnownFileType = sourcecode.c.objc; path = SearchArguments.m; sourceTree = SOURCE_ROOT; };
		C47EB338112B006600DDD1D5 /* SearchClient.h */ = {isa = PBXFileReference; fileEncoding = 4; lastKnownFileType = sourcecode.c.h; path = SearchClient.h; sourceTree = SOURCE_ROOT; };
		C47EB339112B006600DDD1D5 /* SearchClient.m */ = {isa = PBXFileReference; fileEncoding = 4; lastKnownFileType = sourcecode.c.objc; path = SearchClient.m; sourceTree = SOURCE_ROOT; };
		C47EB33A112B006600DDD1D5 /* SearchResult.h */ = {isa = PBXFileReference; fileEncoding = 4; lastKnownFileType = sourcecode.c.h; path = SearchResult.h; sourceTree = SOURCE_ROOT; };
		C47EB33B112B006600DDD1D5 /* SearchResult.m */ = {isa = PBXFileReference; fileEncoding = 4; lastKnownFileType = sourcecode.c.objc; path = SearchResult.m; sourceTree = SOURCE_ROOT; };
		C47EB33C112B006600DDD1D5 /* SearchResults.h */ = {isa = PBXFileReference; fileEncoding = 4; lastKnownFileType = sourcecode.c.h; path = SearchResults.h; sourceTree = SOURCE_ROOT; };
		C47EB33D112B006600DDD1D5 /* SearchResults.m */ = {isa = PBXFileReference; fileEncoding = 4; lastKnownFileType = sourcecode.c.objc; path = SearchResults.m; sourceTree = SOURCE_ROOT; };
		C47EB35C112B027E00DDD1D5 /* Settings.bundle */ = {isa = PBXFileReference; lastKnownFileType = "wrapper.plug-in"; path = Settings.bundle; sourceTree = "<group>"; };
		C49090F91119F54D007F30BA /* SavedSearchesController.h */ = {isa = PBXFileReference; fileEncoding = 4; lastKnownFileType = sourcecode.c.h; path = SavedSearchesController.h; sourceTree = "<group>"; };
		C49090FA1119F54D007F30BA /* SavedSearchesController.m */ = {isa = PBXFileReference; fileEncoding = 4; lastKnownFileType = sourcecode.c.objc; path = SavedSearchesController.m; sourceTree = "<group>"; };
		C49091051119F99D007F30BA /* SavedSearchController.h */ = {isa = PBXFileReference; fileEncoding = 4; lastKnownFileType = sourcecode.c.h; path = SavedSearchController.h; sourceTree = "<group>"; };
		C49091061119F99D007F30BA /* SavedSearchController.m */ = {isa = PBXFileReference; fileEncoding = 4; lastKnownFileType = sourcecode.c.objc; path = SavedSearchController.m; sourceTree = "<group>"; };
		C4BF00DE112DBD860005AA73 /* PageViewController.h */ = {isa = PBXFileReference; fileEncoding = 4; lastKnownFileType = sourcecode.c.h; path = PageViewController.h; sourceTree = "<group>"; };
		C4BF00DF112DBD860005AA73 /* PageViewController.m */ = {isa = PBXFileReference; fileEncoding = 4; lastKnownFileType = sourcecode.c.objc; path = PageViewController.m; sourceTree = "<group>"; };
		C4BF00E1112DBDBB0005AA73 /* DocumentViewController.h */ = {isa = PBXFileReference; fileEncoding = 4; lastKnownFileType = sourcecode.c.h; path = DocumentViewController.h; sourceTree = "<group>"; };
		C4BF00E2112DBDBB0005AA73 /* DocumentViewController.m */ = {isa = PBXFileReference; fileEncoding = 4; lastKnownFileType = sourcecode.c.objc; path = DocumentViewController.m; sourceTree = "<group>"; };
		C4BF00F6112DC41C0005AA73 /* PageView.xib */ = {isa = PBXFileReference; lastKnownFileType = file.xib; path = PageView.xib; sourceTree = "<group>"; };
		C4BF01BA112DCE820005AA73 /* DocumentView.xib */ = {isa = PBXFileReference; lastKnownFileType = file.xib; path = DocumentView.xib; sourceTree = "<group>"; };
		C4D82851111B1DD000947677 /* Page.h */ = {isa = PBXFileReference; fileEncoding = 4; lastKnownFileType = sourcecode.c.h; path = Page.h; sourceTree = "<group>"; };
		C4D82852111B1DD000947677 /* Page.m */ = {isa = PBXFileReference; fileEncoding = 4; lastKnownFileType = sourcecode.c.objc; path = Page.m; sourceTree = "<group>"; };
		C4D82854111B1DE400947677 /* SavedSearch.h */ = {isa = PBXFileReference; fileEncoding = 4; lastKnownFileType = sourcecode.c.h; path = SavedSearch.h; sourceTree = "<group>"; };
		C4D82855111B1DE400947677 /* SavedSearch.m */ = {isa = PBXFileReference; fileEncoding = 4; lastKnownFileType = sourcecode.c.objc; path = SavedSearch.m; sourceTree = "<group>"; };
		C4E13B6E1132D11300FC8A44 /* ImagePickerViewController.h */ = {isa = PBXFileReference; fileEncoding = 4; lastKnownFileType = sourcecode.c.h; path = ImagePickerViewController.h; sourceTree = "<group>"; };
		C4E13B6F1132D11300FC8A44 /* ImagePickerViewController.m */ = {isa = PBXFileReference; fileEncoding = 4; lastKnownFileType = sourcecode.c.objc; path = ImagePickerViewController.m; sourceTree = "<group>"; };
		C4E13B8B1132D29200FC8A44 /* ImagePickerView.xib */ = {isa = PBXFileReference; lastKnownFileType = file.xib; path = ImagePickerView.xib; sourceTree = "<group>"; };
		C4E13C0F1132E7B300FC8A44 /* readability.js */ = {isa = PBXFileReference; fileEncoding = 4; lastKnownFileType = sourcecode.javascript; path = readability.js; sourceTree = "<group>"; };
		C4E13C491132F34E00FC8A44 /* DocumentTextViewController.h */ = {isa = PBXFileReference; fileEncoding = 4; lastKnownFileType = sourcecode.c.h; path = DocumentTextViewController.h; sourceTree = "<group>"; };
		C4E13C4A1132F34E00FC8A44 /* DocumentTextViewController.m */ = {isa = PBXFileReference; fileEncoding = 4; lastKnownFileType = sourcecode.c.objc; path = DocumentTextViewController.m; sourceTree = "<group>"; };
		C4E13C4C1132F4CE00FC8A44 /* DocumentTextView.xib */ = {isa = PBXFileReference; lastKnownFileType = file.xib; path = DocumentTextView.xib; sourceTree = "<group>"; };
		C4E13C7D11330A6700FC8A44 /* DocumentEditViewController.h */ = {isa = PBXFileReference; fileEncoding = 4; lastKnownFileType = sourcecode.c.h; path = DocumentEditViewController.h; sourceTree = "<group>"; };
		C4E13C7E11330A6700FC8A44 /* DocumentEditViewController.m */ = {isa = PBXFileReference; fileEncoding = 4; lastKnownFileType = sourcecode.c.objc; path = DocumentEditViewController.m; sourceTree = "<group>"; };
		C4E13C8011330B7400FC8A44 /* DocumentEditView.xib */ = {isa = PBXFileReference; lastKnownFileType = file.xib; path = DocumentEditView.xib; sourceTree = "<group>"; };
		C4E13CCD11331FAA00FC8A44 /* NewsletterDetailView.xib */ = {isa = PBXFileReference; lastKnownFileType = file.xib; path = NewsletterDetailView.xib; sourceTree = "<group>"; };
		C4E13CD51133254900FC8A44 /* NewsletterDetailViewController.h */ = {isa = PBXFileReference; fileEncoding = 4; lastKnownFileType = sourcecode.c.h; path = NewsletterDetailViewController.h; sourceTree = "<group>"; };
		C4E13CD61133254900FC8A44 /* NewsletterDetailViewController.m */ = {isa = PBXFileReference; fileEncoding = 4; lastKnownFileType = sourcecode.c.objc; path = NewsletterDetailViewController.m; sourceTree = "<group>"; };
		C4E13D37113339B800FC8A44 /* EditableTableCell.h */ = {isa = PBXFileReference; fileEncoding = 4; lastKnownFileType = sourcecode.c.h; path = EditableTableCell.h; sourceTree = "<group>"; };
		C4E13D38113339B800FC8A44 /* EditableTableCell.m */ = {isa = PBXFileReference; fileEncoding = 4; lastKnownFileType = sourcecode.c.objc; path = EditableTableCell.m; sourceTree = "<group>"; };
		C4E34D23112B1E6E00F193D9 /* LoginTicket.h */ = {isa = PBXFileReference; fileEncoding = 4; lastKnownFileType = sourcecode.c.h; path = LoginTicket.h; sourceTree = "<group>"; };
		C4E34D24112B1E6E00F193D9 /* LoginTicket.m */ = {isa = PBXFileReference; fileEncoding = 4; lastKnownFileType = sourcecode.c.objc; path = LoginTicket.m; sourceTree = "<group>"; };
		C4F0B14A1118DF6B0036B900 /* PagesViewController.h */ = {isa = PBXFileReference; fileEncoding = 4; lastKnownFileType = sourcecode.c.h; path = PagesViewController.h; sourceTree = "<group>"; };
		C4F0B14B1118DF6B0036B900 /* PagesViewController.m */ = {isa = PBXFileReference; fileEncoding = 4; lastKnownFileType = sourcecode.c.objc; path = PagesViewController.m; sourceTree = "<group>"; };
		C4F0B18A1118E6570036B900 /* SavedSearchesView.xib */ = {isa = PBXFileReference; lastKnownFileType = file.xib; path = SavedSearchesView.xib; sourceTree = "<group>"; };
/* End PBXFileReference section */

/* Begin PBXFrameworksBuildPhase section */
		1D60588F0D05DD3D006BFB54 /* Frameworks */ = {
			isa = PBXFrameworksBuildPhase;
			buildActionMask = 2147483647;
			files = (
				1D60589F0D05DD5A006BFB54 /* Foundation.framework in Frameworks */,
				1DF5F4E00D08C38300B7A737 /* UIKit.framework in Frameworks */,
				2892E4100DC94CBA00A64D0F /* CoreGraphics.framework in Frameworks */,
			);
			runOnlyForDeploymentPostprocessing = 0;
		};
/* End PBXFrameworksBuildPhase section */

/* Begin PBXGroup section */
		080E96DDFE201D6D7F000001 /* Classes */ = {
			isa = PBXGroup;
			children = (
				C47EB307112B001800DDD1D5 /* TouchXML */,
				C47EB306112B001100DDD1D5 /* InfoNgenSearch */,
				1D3623240D0F684500981E51 /* AppDelegate.h */,
				1D3623250D0F684500981E51 /* AppDelegate.m */,
				28042007108E984D000629CD /* SavedSearchesViewController.h */,
				28042008108E984D000629CD /* SavedSearchesViewController.m */,
				28042009108E984D000629CD /* MainViewController.h */,
				2804200A108E984D000629CD /* MainViewController.m */,
				C4F0B14A1118DF6B0036B900 /* PagesViewController.h */,
				C4F0B14B1118DF6B0036B900 /* PagesViewController.m */,
				C49090F91119F54D007F30BA /* SavedSearchesController.h */,
				C49090FA1119F54D007F30BA /* SavedSearchesController.m */,
				C49091051119F99D007F30BA /* SavedSearchController.h */,
				C49091061119F99D007F30BA /* SavedSearchController.m */,
				C4D82851111B1DD000947677 /* Page.h */,
				C4D82852111B1DD000947677 /* Page.m */,
				C4158C20112097500070FE54 /* SearchResultCell.h */,
				C4158C21112097500070FE54 /* SearchResultCell.m */,
				C46EB7211120A42B00FFB032 /* UILabelEx.h */,
				C46EB7221120A42B00FFB032 /* UILabelEx.m */,
				B08BC365112C4CDC00851E7A /* UserSettings.h */,
				B08BC366112C4CDC00851E7A /* UserSettings.m */,
				C4BF00DE112DBD860005AA73 /* PageViewController.h */,
				C4BF00DF112DBD860005AA73 /* PageViewController.m */,
				C4BF00E1112DBDBB0005AA73 /* DocumentViewController.h */,
				C4BF00E2112DBDBB0005AA73 /* DocumentViewController.m */,
				B04298A4112EE05F00627F07 /* DocumentImage.h */,
				B04298A5112EE05F00627F07 /* DocumentImage.m */,
				C4E13B6E1132D11300FC8A44 /* ImagePickerViewController.h */,
				C4E13B6F1132D11300FC8A44 /* ImagePickerViewController.m */,
				C4E13C491132F34E00FC8A44 /* DocumentTextViewController.h */,
				C4E13C4A1132F34E00FC8A44 /* DocumentTextViewController.m */,
				C4E13C7D11330A6700FC8A44 /* DocumentEditViewController.h */,
				C4E13C7E11330A6700FC8A44 /* DocumentEditViewController.m */,
				C4E13CD51133254900FC8A44 /* NewsletterDetailViewController.h */,
				C4E13CD61133254900FC8A44 /* NewsletterDetailViewController.m */,
				C4E13D37113339B800FC8A44 /* EditableTableCell.h */,
				C4E13D38113339B800FC8A44 /* EditableTableCell.m */,
			);
			path = Classes;
			sourceTree = "<group>";
		};
		19C28FACFE9D520D11CA2CBB /* Products */ = {
			isa = PBXGroup;
			children = (
				1D6058910D05DD3D006BFB54 /* InfoNgen Pub.app */,
			);
			name = Products;
			sourceTree = "<group>";
		};
		29B97314FDCFA39411CA2CEA /* CustomTemplate */ = {
			isa = PBXGroup;
			children = (
				080E96DDFE201D6D7F000001 /* Classes */,
				29B97315FDCFA39411CA2CEA /* Other Sources */,
				29B97317FDCFA39411CA2CEA /* Resources-iPad */,
				29B97323FDCFA39411CA2CEA /* Frameworks */,
				19C28FACFE9D520D11CA2CBB /* Products */,
				C47EB35C112B027E00DDD1D5 /* Settings.bundle */,
			);
			name = CustomTemplate;
			sourceTree = "<group>";
		};
		29B97315FDCFA39411CA2CEA /* Other Sources */ = {
			isa = PBXGroup;
			children = (
				28A0AAE50D9B0CCF005BE974 /* Untitled_Prefix.pch */,
				29B97316FDCFA39411CA2CEA /* main.m */,
			);
			name = "Other Sources";
			sourceTree = "<group>";
		};
		29B97317FDCFA39411CA2CEA /* Resources-iPad */ = {
			isa = PBXGroup;
			children = (
				C4E13C0F1132E7B300FC8A44 /* readability.js */,
				28AD735F0D9D9599002E5188 /* MainWindow.xib */,
				2804203B108E9BAB000629CD /* MainView.xib */,
				8D1107310486CEB800E47090 /* Untitled-Info.plist */,
				C4F0B18A1118E6570036B900 /* SavedSearchesView.xib */,
				C4158C23112097710070FE54 /* SearchResultCell.xib */,
				C46EB7D41120C35200FFB032 /* NewPage.xib */,
				C4BF00F6112DC41C0005AA73 /* PageView.xib */,
				C4BF01BA112DCE820005AA73 /* DocumentView.xib */,
				C4E13B8B1132D29200FC8A44 /* ImagePickerView.xib */,
				C4E13C4C1132F4CE00FC8A44 /* DocumentTextView.xib */,
				C4E13C8011330B7400FC8A44 /* DocumentEditView.xib */,
				C4E13CCD11331FAA00FC8A44 /* NewsletterDetailView.xib */,
			);
			name = "Resources-iPad";
			sourceTree = "<group>";
		};
		29B97323FDCFA39411CA2CEA /* Frameworks */ = {
			isa = PBXGroup;
			children = (
				1DF5F4DF0D08C38300B7A737 /* UIKit.framework */,
				1D30AB110D05D00D00671497 /* Foundation.framework */,
				2892E40F0DC94CBA00A64D0F /* CoreGraphics.framework */,
			);
			name = Frameworks;
			sourceTree = "<group>";
		};
		C47EB306112B001100DDD1D5 /* InfoNgenSearch */ = {
			isa = PBXGroup;
			children = (
				C47EB32C112B006600DDD1D5 /* Base64.h */,
				C47EB32D112B006600DDD1D5 /* Base64.m */,
				C47EB32E112B006600DDD1D5 /* FacetField.h */,
				C47EB32F112B006600DDD1D5 /* FacetField.m */,
				C47EB330112B006600DDD1D5 /* FacetValue.h */,
				C47EB331112B006600DDD1D5 /* FacetValue.m */,
				C47EB334112B006600DDD1D5 /* Search.h */,
				C47EB335112B006600DDD1D5 /* Search.m */,
				C47EB336112B006600DDD1D5 /* SearchArguments.h */,
				C47EB337112B006600DDD1D5 /* SearchArguments.m */,
				C47EB338112B006600DDD1D5 /* SearchClient.h */,
				C47EB339112B006600DDD1D5 /* SearchClient.m */,
				C4D82854111B1DE400947677 /* SavedSearch.h */,
				C4D82855111B1DE400947677 /* SavedSearch.m */,
				C47EB33A112B006600DDD1D5 /* SearchResult.h */,
				C47EB33B112B006600DDD1D5 /* SearchResult.m */,
				C47EB33C112B006600DDD1D5 /* SearchResults.h */,
				C47EB33D112B006600DDD1D5 /* SearchResults.m */,
				C4E34D23112B1E6E00F193D9 /* LoginTicket.h */,
				C4E34D24112B1E6E00F193D9 /* LoginTicket.m */,
			);
			name = InfoNgenSearch;
			sourceTree = "<group>";
		};
		C47EB307112B001800DDD1D5 /* TouchXML */ = {
			isa = PBXGroup;
			children = (
				C47EB308112B004100DDD1D5 /* Creation */,
				C47EB30D112B004100DDD1D5 /* CXMLDocument_PrivateExtensions.h */,
				C47EB30E112B004100DDD1D5 /* CXMLDocument_PrivateExtensions.m */,
				C47EB30F112B004100DDD1D5 /* CXMLDocument.h */,
				C47EB310112B004100DDD1D5 /* CXMLDocument.m */,
				C47EB311112B004100DDD1D5 /* CXMLElement_CreationExtensions.h */,
				C47EB312112B004100DDD1D5 /* CXMLElement_CreationExtensions.m */,
				C47EB313112B004100DDD1D5 /* CXMLElement_ElementTreeExtensions.h */,
				C47EB314112B004100DDD1D5 /* CXMLElement_ElementTreeExtensions.m */,
				C47EB315112B004100DDD1D5 /* CXMLElement.h */,
				C47EB316112B004100DDD1D5 /* CXMLElement.m */,
				C47EB317112B004100DDD1D5 /* CXMLNode_PrivateExtensions.h */,
				C47EB318112B004100DDD1D5 /* CXMLNode_PrivateExtensions.m */,
				C47EB319112B004100DDD1D5 /* CXMLNode_XPathExtensions.h */,
				C47EB31A112B004100DDD1D5 /* CXMLNode_XPathExtensions.m */,
				C47EB31B112B004100DDD1D5 /* CXMLNode.h */,
				C47EB31C112B004100DDD1D5 /* CXMLNode.m */,
				C47EB31D112B004100DDD1D5 /* Tidy */,
				C47EB320112B004100DDD1D5 /* TouchXML.h */,
			);
			name = TouchXML;
			sourceTree = "<group>";
		};
		C47EB308112B004100DDD1D5 /* Creation */ = {
			isa = PBXGroup;
			children = (
				C47EB309112B004100DDD1D5 /* CXMLDocument_CreationExtensions.h */,
				C47EB30A112B004100DDD1D5 /* CXMLDocument_CreationExtensions.m */,
				C47EB30B112B004100DDD1D5 /* CXMLNode_CreationExtensions.h */,
				C47EB30C112B004100DDD1D5 /* CXMLNode_CreationExtensions.m */,
			);
			path = Creation;
			sourceTree = SOURCE_ROOT;
		};
		C47EB31D112B004100DDD1D5 /* Tidy */ = {
			isa = PBXGroup;
			children = (
				C47EB31E112B004100DDD1D5 /* CTidy.h */,
				C47EB31F112B004100DDD1D5 /* CTidy.m */,
			);
			path = Tidy;
			sourceTree = SOURCE_ROOT;
		};
/* End PBXGroup section */

/* Begin PBXNativeTarget section */
		1D6058900D05DD3D006BFB54 /* InfoNgen Pub */ = {
			isa = PBXNativeTarget;
			buildConfigurationList = 1D6058960D05DD3E006BFB54 /* Build configuration list for PBXNativeTarget "InfoNgen Pub" */;
			buildPhases = (
				1D60588D0D05DD3D006BFB54 /* Resources */,
				1D60588E0D05DD3D006BFB54 /* Sources */,
				1D60588F0D05DD3D006BFB54 /* Frameworks */,
			);
			buildRules = (
			);
			dependencies = (
			);
			name = "InfoNgen Pub";
			productName = Untitled;
			productReference = 1D6058910D05DD3D006BFB54 /* InfoNgen Pub.app */;
			productType = "com.apple.product-type.application";
		};
/* End PBXNativeTarget section */

/* Begin PBXProject section */
		29B97313FDCFA39411CA2CEA /* Project object */ = {
			isa = PBXProject;
			attributes = {
				ORGANIZATIONNAME = InfoNgen;
			};
			buildConfigurationList = C01FCF4E08A954540054247B /* Build configuration list for PBXProject "Untitled" */;
			compatibilityVersion = "Xcode 3.2";
			hasScannedForEncodings = 1;
			knownRegions = (
				English,
				Japanese,
				French,
				German,
				en,
			);
			mainGroup = 29B97314FDCFA39411CA2CEA /* CustomTemplate */;
			projectDirPath = "";
			projectRoot = "";
			targets = (
				1D6058900D05DD3D006BFB54 /* InfoNgen Pub */,
			);
		};
/* End PBXProject section */

/* Begin PBXResourcesBuildPhase section */
		1D60588D0D05DD3D006BFB54 /* Resources */ = {
			isa = PBXResourcesBuildPhase;
			buildActionMask = 2147483647;
			files = (
				28AD73600D9D9599002E5188 /* MainWindow.xib in Resources */,
				2804203C108E9BAB000629CD /* MainView.xib in Resources */,
				C4F0B18B1118E6570036B900 /* SavedSearchesView.xib in Resources */,
				C4158C24112097710070FE54 /* SearchResultCell.xib in Resources */,
				C46EB7D51120C35200FFB032 /* NewPage.xib in Resources */,
				C47EB35D112B027E00DDD1D5 /* Settings.bundle in Resources */,
				C4BF00F7112DC41C0005AA73 /* PageView.xib in Resources */,
				C4BF01BB112DCE820005AA73 /* DocumentView.xib in Resources */,
				C4E13B8C1132D29200FC8A44 /* ImagePickerView.xib in Resources */,
				C4E13C101132E7B300FC8A44 /* readability.js in Resources */,
				C4E13C4D1132F4CE00FC8A44 /* DocumentTextView.xib in Resources */,
				C4E13C8111330B7400FC8A44 /* DocumentEditView.xib in Resources */,
				C4E13CCE11331FAA00FC8A44 /* NewsletterDetailView.xib in Resources */,
			);
			runOnlyForDeploymentPostprocessing = 0;
		};
/* End PBXResourcesBuildPhase section */

/* Begin PBXSourcesBuildPhase section */
		1D60588E0D05DD3D006BFB54 /* Sources */ = {
			isa = PBXSourcesBuildPhase;
			buildActionMask = 2147483647;
			files = (
				1D60589B0D05DD56006BFB54 /* main.m in Sources */,
				1D3623260D0F684500981E51 /* AppDelegate.m in Sources */,
				2804200B108E984D000629CD /* SavedSearchesViewController.m in Sources */,
				2804200C108E984D000629CD /* MainViewController.m in Sources */,
				C4F0B14C1118DF6B0036B900 /* PagesViewController.m in Sources */,
				C49090FB1119F54D007F30BA /* SavedSearchesController.m in Sources */,
				C49091071119F99D007F30BA /* SavedSearchController.m in Sources */,
				C4D82853111B1DD000947677 /* Page.m in Sources */,
				C4D82856111B1DE400947677 /* SavedSearch.m in Sources */,
				C4158C22112097500070FE54 /* SearchResultCell.m in Sources */,
				C46EB7231120A42B00FFB032 /* UILabelEx.m in Sources */,
				C47EB321112B004100DDD1D5 /* CXMLDocument_CreationExtensions.m in Sources */,
				C47EB322112B004100DDD1D5 /* CXMLNode_CreationExtensions.m in Sources */,
				C47EB323112B004100DDD1D5 /* CXMLDocument_PrivateExtensions.m in Sources */,
				C47EB324112B004100DDD1D5 /* CXMLDocument.m in Sources */,
				C47EB325112B004100DDD1D5 /* CXMLElement_CreationExtensions.m in Sources */,
				C47EB326112B004100DDD1D5 /* CXMLElement_ElementTreeExtensions.m in Sources */,
				C47EB327112B004100DDD1D5 /* CXMLElement.m in Sources */,
				C47EB328112B004100DDD1D5 /* CXMLNode_PrivateExtensions.m in Sources */,
				C47EB329112B004100DDD1D5 /* CXMLNode_XPathExtensions.m in Sources */,
				C47EB32A112B004100DDD1D5 /* CXMLNode.m in Sources */,
				C47EB32B112B004100DDD1D5 /* CTidy.m in Sources */,
				C47EB33E112B006600DDD1D5 /* Base64.m in Sources */,
				C47EB33F112B006600DDD1D5 /* FacetField.m in Sources */,
				C47EB340112B006600DDD1D5 /* FacetValue.m in Sources */,
				C47EB342112B006600DDD1D5 /* Search.m in Sources */,
				C47EB343112B006600DDD1D5 /* SearchArguments.m in Sources */,
				C47EB344112B006600DDD1D5 /* SearchClient.m in Sources */,
				C47EB345112B006600DDD1D5 /* SearchResult.m in Sources */,
				C47EB346112B006600DDD1D5 /* SearchResults.m in Sources */,
				C4E34D25112B1E6E00F193D9 /* LoginTicket.m in Sources */,
				B08BC367112C4CDC00851E7A /* UserSettings.m in Sources */,
				C4BF00E0112DBD860005AA73 /* PageViewController.m in Sources */,
				C4BF00E3112DBDBB0005AA73 /* DocumentViewController.m in Sources */,
				B04298A6112EE05F00627F07 /* DocumentImage.m in Sources */,
				C4E13B701132D11300FC8A44 /* ImagePickerViewController.m in Sources */,
				C4E13C4B1132F34E00FC8A44 /* DocumentTextViewController.m in Sources */,
				C4E13C7F11330A6700FC8A44 /* DocumentEditViewController.m in Sources */,
				C4E13CD71133254900FC8A44 /* NewsletterDetailViewController.m in Sources */,
				C4E13D39113339B800FC8A44 /* EditableTableCell.m in Sources */,
			);
			runOnlyForDeploymentPostprocessing = 0;
		};
/* End PBXSourcesBuildPhase section */

/* Begin XCBuildConfiguration section */
		1D6058940D05DD3E006BFB54 /* Debug */ = {
			isa = XCBuildConfiguration;
			buildSettings = {
				ALWAYS_SEARCH_USER_PATHS = NO;
				COPY_PHASE_STRIP = NO;
				GCC_DYNAMIC_NO_PIC = NO;
				GCC_OPTIMIZATION_LEVEL = 0;
				GCC_PRECOMPILE_PREFIX_HEADER = YES;
				GCC_PREFIX_HEADER = Untitled_Prefix.pch;
				INFOPLIST_FILE = "Untitled-Info.plist";
				PRODUCT_NAME = "InfoNgen Pub";
				TARGETED_DEVICE_FAMILY = 2;
				VERSIONING_SYSTEM = "apple-generic";
			};
			name = Debug;
		};
		1D6058950D05DD3E006BFB54 /* Release */ = {
			isa = XCBuildConfiguration;
			buildSettings = {
				ALWAYS_SEARCH_USER_PATHS = NO;
				COPY_PHASE_STRIP = YES;
				GCC_PRECOMPILE_PREFIX_HEADER = YES;
				GCC_PREFIX_HEADER = Untitled_Prefix.pch;
				INFOPLIST_FILE = "Untitled-Info.plist";
				PRODUCT_NAME = Untitled;
				TARGETED_DEVICE_FAMILY = 2;
				VALIDATE_PRODUCT = YES;
			};
			name = Release;
		};
		C01FCF4F08A954540054247B /* Debug */ = {
			isa = XCBuildConfiguration;
			buildSettings = {
				ARCHS = "$(ARCHS_STANDARD_32_BIT)";
				"CODE_SIGN_IDENTITY[sdk=iphoneos*]" = "iPhone Developer";
				GCC_C_LANGUAGE_STANDARD = c99;
				GCC_WARN_ABOUT_RETURN_TYPE = YES;
				GCC_WARN_UNUSED_VARIABLE = YES;
				HEADER_SEARCH_PATHS = /usr/include/libxml2;
				OTHER_LDFLAGS = "-lxml2";
				PREBINDING = NO;
				SDKROOT = iphoneos3.2;
			};
			name = Debug;
		};
		C01FCF5008A954540054247B /* Release */ = {
			isa = XCBuildConfiguration;
			buildSettings = {
				ARCHS = "$(ARCHS_STANDARD_32_BIT)";
				"CODE_SIGN_IDENTITY[sdk=iphoneos*]" = "iPhone Developer";
				GCC_C_LANGUAGE_STANDARD = c99;
				GCC_WARN_ABOUT_RETURN_TYPE = YES;
				GCC_WARN_UNUSED_VARIABLE = YES;
				HEADER_SEARCH_PATHS = /usr/include/libxml2;
				OTHER_LDFLAGS = "-lxml2";
				PREBINDING = NO;
				SDKROOT = iphoneos3.2;
			};
			name = Release;
		};
/* End XCBuildConfiguration section */

/* Begin XCConfigurationList section */
		1D6058960D05DD3E006BFB54 /* Build configuration list for PBXNativeTarget "InfoNgen Pub" */ = {
			isa = XCConfigurationList;
			buildConfigurations = (
				1D6058940D05DD3E006BFB54 /* Debug */,
				1D6058950D05DD3E006BFB54 /* Release */,
			);
			defaultConfigurationIsVisible = 0;
			defaultConfigurationName = Release;
		};
		C01FCF4E08A954540054247B /* Build configuration list for PBXProject "Untitled" */ = {
			isa = XCConfigurationList;
			buildConfigurations = (
				C01FCF4F08A954540054247B /* Debug */,
				C01FCF5008A954540054247B /* Release */,
			);
			defaultConfigurationIsVisible = 0;
			defaultConfigurationName = Release;
		};
/* End XCConfigurationList section */
	};
	rootObject = 29B97313FDCFA39411CA2CEA /* Project object */;
}
