// !$*UTF8*$!
{
	archiveVersion = 1;
	classes = {
	};
	objectVersion = 46;
	objects = {

/* Begin PBXBuildFile section */
		1D3623260D0F684500981E51 /* AppDelegate.m in Sources */ = {isa = PBXBuildFile; fileRef = 1D3623250D0F684500981E51 /* AppDelegate.m */; };
		1D60589B0D05DD56006BFB54 /* main.m in Sources */ = {isa = PBXBuildFile; fileRef = 29B97316FDCFA39411CA2CEA /* main.m */; };
		1D60589F0D05DD5A006BFB54 /* Foundation.framework in Frameworks */ = {isa = PBXBuildFile; fileRef = 1D30AB110D05D00D00671497 /* Foundation.framework */; };
		1DF5F4E00D08C38300B7A737 /* UIKit.framework in Frameworks */ = {isa = PBXBuildFile; fileRef = 1DF5F4DF0D08C38300B7A737 /* UIKit.framework */; };
		2892E4100DC94CBA00A64D0F /* CoreGraphics.framework in Frameworks */ = {isa = PBXBuildFile; fileRef = 2892E40F0DC94CBA00A64D0F /* CoreGraphics.framework */; };
		28AD73600D9D9599002E5188 /* MainWindow.xib in Resources */ = {isa = PBXBuildFile; fileRef = 28AD735F0D9D9599002E5188 /* MainWindow.xib */; };
		B0024DED116D6B91002F7424 /* NewsletterView.m in Sources */ = {isa = PBXBuildFile; fileRef = B0024DEC116D6B91002F7424 /* NewsletterView.m */; };
		B02F24B4116CF705008A0200 /* NewsletterUpdateFormViewController.m in Sources */ = {isa = PBXBuildFile; fileRef = B02F24B3116CF705008A0200 /* NewsletterUpdateFormViewController.m */; };
		B02F24C3116CF8AB008A0200 /* NewsletterUpdateFormView.xib in Resources */ = {isa = PBXBuildFile; fileRef = B02F24C2116CF8AB008A0200 /* NewsletterUpdateFormView.xib */; };
		B02F25F5116D152B008A0200 /* blank.png in Resources */ = {isa = PBXBuildFile; fileRef = B02F25F4116D152B008A0200 /* blank.png */; };
		B0338D5E11356A8B00764C4A /* icon_post.png in Resources */ = {isa = PBXBuildFile; fileRef = B0338D5D11356A8B00764C4A /* icon_post.png */; };
		B0338D8911356EF200764C4A /* comment_edit.png in Resources */ = {isa = PBXBuildFile; fileRef = B0338D8811356EF200764C4A /* comment_edit.png */; };
		B0338F131135A98B00764C4A /* TextViewTableCell.m in Sources */ = {isa = PBXBuildFile; fileRef = B0338F121135A98B00764C4A /* TextViewTableCell.m */; };
		B0338F6C1135B36D00764C4A /* UIImage-NSCoding.m in Sources */ = {isa = PBXBuildFile; fileRef = B0338F6B1135B36D00764C4A /* UIImage-NSCoding.m */; };
		B04298A6112EE05F00627F07 /* DocumentImage.m in Sources */ = {isa = PBXBuildFile; fileRef = B04298A5112EE05F00627F07 /* DocumentImage.m */; };
		B047D006113F073A00E50884 /* icon_add.png in Resources */ = {isa = PBXBuildFile; fileRef = B047D005113F073A00E50884 /* icon_add.png */; };
		B047D00A113F076200E50884 /* icon_arrow_right.png in Resources */ = {isa = PBXBuildFile; fileRef = B047D009113F076200E50884 /* icon_arrow_right.png */; };
		B047D00C113F07A400E50884 /* icon_circle_arrow_right.png in Resources */ = {isa = PBXBuildFile; fileRef = B047D00B113F07A400E50884 /* icon_circle_arrow_right.png */; };
		B047D00E113F07F100E50884 /* icon_delete.png in Resources */ = {isa = PBXBuildFile; fileRef = B047D00D113F07F100E50884 /* icon_delete.png */; };
		B047D010113F081100E50884 /* icon_error.png in Resources */ = {isa = PBXBuildFile; fileRef = B047D00F113F081100E50884 /* icon_error.png */; };
		B047D012113F085300E50884 /* icon_mail.png in Resources */ = {isa = PBXBuildFile; fileRef = B047D011113F085300E50884 /* icon_mail.png */; };
		B047D014113F088100E50884 /* icon_photo.png in Resources */ = {isa = PBXBuildFile; fileRef = B047D013113F088100E50884 /* icon_photo.png */; };
		B047D016113F089300E50884 /* icon_refresh.png in Resources */ = {isa = PBXBuildFile; fileRef = B047D015113F089300E50884 /* icon_refresh.png */; };
		B047D018113F089D00E50884 /* icon_resize.png in Resources */ = {isa = PBXBuildFile; fileRef = B047D017113F089D00E50884 /* icon_resize.png */; };
		B047D01A113F08B300E50884 /* icon_rss.png in Resources */ = {isa = PBXBuildFile; fileRef = B047D019113F08B300E50884 /* icon_rss.png */; };
		B047D01C113F08C000E50884 /* icon_settings.png in Resources */ = {isa = PBXBuildFile; fileRef = B047D01B113F08C000E50884 /* icon_settings.png */; };
		B047D01F113F0A1B00E50884 /* icon_filming.png in Resources */ = {isa = PBXBuildFile; fileRef = B047D01E113F0A1B00E50884 /* icon_filming.png */; };
		B047D021113F0A2A00E50884 /* icon_document.png in Resources */ = {isa = PBXBuildFile; fileRef = B047D020113F0A2A00E50884 /* icon_document.png */; };
		B047D068113F160500E50884 /* icon_paper_trash.png in Resources */ = {isa = PBXBuildFile; fileRef = B047D067113F160500E50884 /* icon_paper_trash.png */; };
		B047D06A113F161B00E50884 /* icon_trash.png in Resources */ = {isa = PBXBuildFile; fileRef = B047D069113F161B00E50884 /* icon_trash.png */; };
		B047D08C113F1C4000E50884 /* icon_cancel.png in Resources */ = {isa = PBXBuildFile; fileRef = B047D08B113F1C4000E50884 /* icon_cancel.png */; };
		B04E0CBC11481CC9006E634A /* QuartzCore.framework in Frameworks */ = {isa = PBXBuildFile; fileRef = B04E0CBB11481CC9006E634A /* QuartzCore.framework */; };
		B08BC367112C4CDC00851E7A /* UserSettings.m in Sources */ = {isa = PBXBuildFile; fileRef = B08BC366112C4CDC00851E7A /* UserSettings.m */; };
		B0C078141163F0F7003F0C22 /* BlankToolbar.m in Sources */ = {isa = PBXBuildFile; fileRef = B0C078131163F0F7003F0C22 /* BlankToolbar.m */; };
		B0D6F254114A9B05008CC24D /* NewsletterItemContentView.m in Sources */ = {isa = PBXBuildFile; fileRef = B0D6F253114A9B05008CC24D /* NewsletterItemContentView.m */; };
		C4158C22112097500070FE54 /* SearchResultCell.m in Sources */ = {isa = PBXBuildFile; fileRef = C4158C21112097500070FE54 /* SearchResultCell.m */; };
		C4158C24112097710070FE54 /* SearchResultCell.xib in Resources */ = {isa = PBXBuildFile; fileRef = C4158C23112097710070FE54 /* SearchResultCell.xib */; };
		C44456F4113C490900DEA3B6 /* newsletter.html in Resources */ = {isa = PBXBuildFile; fileRef = C44456F3113C490900DEA3B6 /* newsletter.html */; };
		C44456FE113C4B1600DEA3B6 /* logo2.gif in Resources */ = {isa = PBXBuildFile; fileRef = C44456FB113C4B1600DEA3B6 /* logo2.gif */; };
		C44456FF113C4B1600DEA3B6 /* ico-2.gif in Resources */ = {isa = PBXBuildFile; fileRef = C44456FC113C4B1600DEA3B6 /* ico-2.gif */; };
		C4445700113C4B1600DEA3B6 /* ico-1.gif in Resources */ = {isa = PBXBuildFile; fileRef = C44456FD113C4B1600DEA3B6 /* ico-1.gif */; };
		C45136DE113D9FE80067B421 /* NewsletterDistributionListView.xib in Resources */ = {isa = PBXBuildFile; fileRef = C45136DD113D9FE80067B421 /* NewsletterDistributionListView.xib */; };
		C45136E1113D9FFF0067B421 /* NewsletterDistributionListViewController.m in Sources */ = {isa = PBXBuildFile; fileRef = C45136E0113D9FFF0067B421 /* NewsletterDistributionListViewController.m */; };
		C4513706113DA3FF0067B421 /* AddressBook.framework in Frameworks */ = {isa = PBXBuildFile; fileRef = C4513705113DA3FF0067B421 /* AddressBook.framework */; };
		C451370A113DA4030067B421 /* AddressBookUI.framework in Frameworks */ = {isa = PBXBuildFile; fileRef = C4513709113DA4030067B421 /* AddressBookUI.framework */; };
		C451377E113DBCF40067B421 /* icon.png in Resources */ = {isa = PBXBuildFile; fileRef = C451377D113DBCF40067B421 /* icon.png */; };
		C46EB7231120A42B00FFB032 /* UILabelEx.m in Sources */ = {isa = PBXBuildFile; fileRef = C46EB7221120A42B00FFB032 /* UILabelEx.m */; };
		C47E3B12116248A800BDB577 /* NewsletterScrollItemController.m in Sources */ = {isa = PBXBuildFile; fileRef = C47E3B11116248A800BDB577 /* NewsletterScrollItemController.m */; };
		C47E3B1411624B1500BDB577 /* NewsletterScrollItemView.xib in Resources */ = {isa = PBXBuildFile; fileRef = C47E3B1311624B1500BDB577 /* NewsletterScrollItemView.xib */; };
		C47E3BBE1162901900BDB577 /* RootView.xib in Resources */ = {isa = PBXBuildFile; fileRef = C47E3BBD1162901900BDB577 /* RootView.xib */; };
		C47E684B116A3391008C8AB2 /* MetaTag.m in Sources */ = {isa = PBXBuildFile; fileRef = C47E684A116A3391008C8AB2 /* MetaTag.m */; };
		C47E68F8116B9497008C8AB2 /* TextMatch.m in Sources */ = {isa = PBXBuildFile; fileRef = C47E68F7116B9497008C8AB2 /* TextMatch.m */; };
		C47E6924116B9AEC008C8AB2 /* highlightText.js in Sources */ = {isa = PBXBuildFile; fileRef = C47E6923116B9AEC008C8AB2 /* highlightText.js */; };
		C47E693E116BACD5008C8AB2 /* readability2.js in Sources */ = {isa = PBXBuildFile; fileRef = C47E693D116BACD5008C8AB2 /* readability2.js */; };
		C47E6968116BAF72008C8AB2 /* readability2.js in Resources */ = {isa = PBXBuildFile; fileRef = C47E693D116BACD5008C8AB2 /* readability2.js */; };
		C47E696D116BAF79008C8AB2 /* highlightText.js in Resources */ = {isa = PBXBuildFile; fileRef = C47E6923116B9AEC008C8AB2 /* highlightText.js */; };
		C47E69CD116BC057008C8AB2 /* readability.css in Resources */ = {isa = PBXBuildFile; fileRef = C47E69CC116BC057008C8AB2 /* readability.css */; };
		C47EB321112B004100DDD1D5 /* CXMLDocument_CreationExtensions.m in Sources */ = {isa = PBXBuildFile; fileRef = C47EB30A112B004100DDD1D5 /* CXMLDocument_CreationExtensions.m */; };
		C47EB322112B004100DDD1D5 /* CXMLNode_CreationExtensions.m in Sources */ = {isa = PBXBuildFile; fileRef = C47EB30C112B004100DDD1D5 /* CXMLNode_CreationExtensions.m */; };
		C47EB323112B004100DDD1D5 /* CXMLDocument_PrivateExtensions.m in Sources */ = {isa = PBXBuildFile; fileRef = C47EB30E112B004100DDD1D5 /* CXMLDocument_PrivateExtensions.m */; };
		C47EB324112B004100DDD1D5 /* CXMLDocument.m in Sources */ = {isa = PBXBuildFile; fileRef = C47EB310112B004100DDD1D5 /* CXMLDocument.m */; };
		C47EB325112B004100DDD1D5 /* CXMLElement_CreationExtensions.m in Sources */ = {isa = PBXBuildFile; fileRef = C47EB312112B004100DDD1D5 /* CXMLElement_CreationExtensions.m */; };
		C47EB326112B004100DDD1D5 /* CXMLElement_ElementTreeExtensions.m in Sources */ = {isa = PBXBuildFile; fileRef = C47EB314112B004100DDD1D5 /* CXMLElement_ElementTreeExtensions.m */; };
		C47EB327112B004100DDD1D5 /* CXMLElement.m in Sources */ = {isa = PBXBuildFile; fileRef = C47EB316112B004100DDD1D5 /* CXMLElement.m */; };
		C47EB328112B004100DDD1D5 /* CXMLNode_PrivateExtensions.m in Sources */ = {isa = PBXBuildFile; fileRef = C47EB318112B004100DDD1D5 /* CXMLNode_PrivateExtensions.m */; };
		C47EB329112B004100DDD1D5 /* CXMLNode_XPathExtensions.m in Sources */ = {isa = PBXBuildFile; fileRef = C47EB31A112B004100DDD1D5 /* CXMLNode_XPathExtensions.m */; };
		C47EB32A112B004100DDD1D5 /* CXMLNode.m in Sources */ = {isa = PBXBuildFile; fileRef = C47EB31C112B004100DDD1D5 /* CXMLNode.m */; };
		C47EB32B112B004100DDD1D5 /* CTidy.m in Sources */ = {isa = PBXBuildFile; fileRef = C47EB31F112B004100DDD1D5 /* CTidy.m */; };
		C47EB33E112B006600DDD1D5 /* Base64.m in Sources */ = {isa = PBXBuildFile; fileRef = C47EB32D112B006600DDD1D5 /* Base64.m */; };
		C47EB33F112B006600DDD1D5 /* FacetField.m in Sources */ = {isa = PBXBuildFile; fileRef = C47EB32F112B006600DDD1D5 /* FacetField.m */; };
		C47EB340112B006600DDD1D5 /* FacetValue.m in Sources */ = {isa = PBXBuildFile; fileRef = C47EB331112B006600DDD1D5 /* FacetValue.m */; };
		C47EB342112B006600DDD1D5 /* Search.m in Sources */ = {isa = PBXBuildFile; fileRef = C47EB335112B006600DDD1D5 /* Search.m */; };
		C47EB343112B006600DDD1D5 /* SearchArguments.m in Sources */ = {isa = PBXBuildFile; fileRef = C47EB337112B006600DDD1D5 /* SearchArguments.m */; };
		C47EB344112B006600DDD1D5 /* SearchClient.m in Sources */ = {isa = PBXBuildFile; fileRef = C47EB339112B006600DDD1D5 /* SearchClient.m */; };
		C47EB345112B006600DDD1D5 /* SearchResult.m in Sources */ = {isa = PBXBuildFile; fileRef = C47EB33B112B006600DDD1D5 /* SearchResult.m */; };
		C47EB346112B006600DDD1D5 /* SearchResults.m in Sources */ = {isa = PBXBuildFile; fileRef = C47EB33D112B006600DDD1D5 /* SearchResults.m */; };
		C47EB35D112B027E00DDD1D5 /* Settings.bundle in Resources */ = {isa = PBXBuildFile; fileRef = C47EB35C112B027E00DDD1D5 /* Settings.bundle */; };
		C4836FDA113FFC05005633B3 /* icon_arrow_left.png in Resources */ = {isa = PBXBuildFile; fileRef = C4836FD9113FFC05005633B3 /* icon_arrow_left.png */; };
		C4837045114047BB005633B3 /* icon_text_align_left.png in Resources */ = {isa = PBXBuildFile; fileRef = C4837044114047BB005633B3 /* icon_text_align_left.png */; };
		C4837047114047F5005633B3 /* icon_paragraph.png in Resources */ = {isa = PBXBuildFile; fileRef = C4837046114047F5005633B3 /* icon_paragraph.png */; };
		C48370491140480E005633B3 /* icon_measures.png in Resources */ = {isa = PBXBuildFile; fileRef = C48370481140480E005633B3 /* icon_measures.png */; };
		C485C93A11613FF4005CFD2E /* NewslettersScrollView.xib in Resources */ = {isa = PBXBuildFile; fileRef = C485C93911613FF4005CFD2E /* NewslettersScrollView.xib */; };
		C485C93E11614120005CFD2E /* NewslettersScrollViewController.m in Sources */ = {isa = PBXBuildFile; fileRef = C485C93D11614120005CFD2E /* NewslettersScrollViewController.m */; };
		C4868B4211347F2700B6F842 /* NewslettersView.xib in Resources */ = {isa = PBXBuildFile; fileRef = C4868B4111347F2700B6F842 /* NewslettersView.xib */; };
		C49091071119F99D007F30BA /* SavedSearchController.m in Sources */ = {isa = PBXBuildFile; fileRef = C49091061119F99D007F30BA /* SavedSearchController.m */; };
		C4926BD0114977DD00EC37A3 /* SelectImageView.xib in Resources */ = {isa = PBXBuildFile; fileRef = C4926BCF114977DD00EC37A3 /* SelectImageView.xib */; };
		C49BA17B1136DF3E0015227C /* NewsletterSection.m in Sources */ = {isa = PBXBuildFile; fileRef = C49BA17A1136DF3E0015227C /* NewsletterSection.m */; };
		C49BA1A51136E59F0015227C /* NewsletterSectionsViewController.m in Sources */ = {isa = PBXBuildFile; fileRef = C49BA1A41136E59F0015227C /* NewsletterSectionsViewController.m */; };
		C49BA1A71136E5BB0015227C /* NewsletterSectionsView.xib in Resources */ = {isa = PBXBuildFile; fileRef = C49BA1A61136E5BB0015227C /* NewsletterSectionsView.xib */; };
		C49BA1B61136E8C50015227C /* NewsletterAddSectionViewController.m in Sources */ = {isa = PBXBuildFile; fileRef = C49BA1B51136E8C50015227C /* NewsletterAddSectionViewController.m */; };
		C49BA1B81136E9560015227C /* NewsletterAddSectionView.xib in Resources */ = {isa = PBXBuildFile; fileRef = C49BA1B71136E9560015227C /* NewsletterAddSectionView.xib */; };
		C49BA25011371D540015227C /* NewsletterHTMLPreviewViewController.m in Sources */ = {isa = PBXBuildFile; fileRef = C49BA24F11371D540015227C /* NewsletterHTMLPreviewViewController.m */; };
		C49BA25211371D690015227C /* NewsletterHTMLPreviewView.xib in Resources */ = {isa = PBXBuildFile; fileRef = C49BA25111371D690015227C /* NewsletterHTMLPreviewView.xib */; };
		C4B92FE61134347100AF9B7C /* SegmentedTableCell.m in Sources */ = {isa = PBXBuildFile; fileRef = C4B92FE51134347100AF9B7C /* SegmentedTableCell.m */; };
		C4B9303511344D9B00AF9B7C /* Default-Landscape.png in Resources */ = {isa = PBXBuildFile; fileRef = C4B9303011344D9B00AF9B7C /* Default-Landscape.png */; };
		C4B9303611344D9B00AF9B7C /* Default-LandscapeLeft.png in Resources */ = {isa = PBXBuildFile; fileRef = C4B9303111344D9B00AF9B7C /* Default-LandscapeLeft.png */; };
		C4B9303711344D9B00AF9B7C /* Default-LandscapeRight.png in Resources */ = {isa = PBXBuildFile; fileRef = C4B9303211344D9B00AF9B7C /* Default-LandscapeRight.png */; };
		C4B9303811344D9B00AF9B7C /* Default-Portrait.png in Resources */ = {isa = PBXBuildFile; fileRef = C4B9303311344D9B00AF9B7C /* Default-Portrait.png */; };
		C4B9303911344D9B00AF9B7C /* Default-PortraitUpsideDown.png in Resources */ = {isa = PBXBuildFile; fileRef = C4B9303411344D9B00AF9B7C /* Default-PortraitUpsideDown.png */; };
		C4BA4E8E114E8AFE003A0396 /* DocumentEditFormView.xib in Resources */ = {isa = PBXBuildFile; fileRef = C4BA4E8D114E8AFE003A0396 /* DocumentEditFormView.xib */; };
		C4BA4E93114E8DD3003A0396 /* DocumentEditFormViewController.m in Sources */ = {isa = PBXBuildFile; fileRef = C4BA4E92114E8DD3003A0396 /* DocumentEditFormViewController.m */; };
		C4BF00E0112DBD860005AA73 /* NewsletterViewController.m in Sources */ = {isa = PBXBuildFile; fileRef = C4BF00DF112DBD860005AA73 /* NewsletterViewController.m */; };
		C4BF00E3112DBDBB0005AA73 /* DocumentWebViewController.m in Sources */ = {isa = PBXBuildFile; fileRef = C4BF00E2112DBDBB0005AA73 /* DocumentWebViewController.m */; };
		C4BF00F7112DC41C0005AA73 /* NewsletterView.xib in Resources */ = {isa = PBXBuildFile; fileRef = C4BF00F6112DC41C0005AA73 /* NewsletterView.xib */; };
		C4BF01BB112DCE820005AA73 /* DocumentWebView.xib in Resources */ = {isa = PBXBuildFile; fileRef = C4BF01BA112DCE820005AA73 /* DocumentWebView.xib */; };
		C4D46A3711516E8B00597793 /* NewsletterBaseViewController.m in Sources */ = {isa = PBXBuildFile; fileRef = C4D46A3611516E8B00597793 /* NewsletterBaseViewController.m */; };
		C4D82853111B1DD000947677 /* Newsletter.m in Sources */ = {isa = PBXBuildFile; fileRef = C4D82852111B1DD000947677 /* Newsletter.m */; };
		C4D82856111B1DE400947677 /* SavedSearch.m in Sources */ = {isa = PBXBuildFile; fileRef = C4D82855111B1DE400947677 /* SavedSearch.m */; };
		C4E13B8C1132D29200FC8A44 /* ImagePickerView.xib in Resources */ = {isa = PBXBuildFile; fileRef = C4E13B8B1132D29200FC8A44 /* ImagePickerView.xib */; };
		C4E13C101132E7B300FC8A44 /* readability.js in Resources */ = {isa = PBXBuildFile; fileRef = C4E13C0F1132E7B300FC8A44 /* readability.js */; };
		C4E13C4D1132F4CE00FC8A44 /* DocumentTextView.xib in Resources */ = {isa = PBXBuildFile; fileRef = C4E13C4C1132F4CE00FC8A44 /* DocumentTextView.xib */; };
		C4E13C7F11330A6700FC8A44 /* DocumentEditViewController.m in Sources */ = {isa = PBXBuildFile; fileRef = C4E13C7E11330A6700FC8A44 /* DocumentEditViewController.m */; };
		C4E13C8111330B7400FC8A44 /* DocumentEditView.xib in Resources */ = {isa = PBXBuildFile; fileRef = C4E13C8011330B7400FC8A44 /* DocumentEditView.xib */; };
		C4E13CCE11331FAA00FC8A44 /* NewsletterSettingsView.xib in Resources */ = {isa = PBXBuildFile; fileRef = C4E13CCD11331FAA00FC8A44 /* NewsletterSettingsView.xib */; };
		C4E13CD71133254900FC8A44 /* NewsletterSettingsViewController.m in Sources */ = {isa = PBXBuildFile; fileRef = C4E13CD61133254900FC8A44 /* NewsletterSettingsViewController.m */; };
		C4E13D39113339B800FC8A44 /* TextFieldTableCell.m in Sources */ = {isa = PBXBuildFile; fileRef = C4E13D38113339B800FC8A44 /* TextFieldTableCell.m */; };
		C4E34D25112B1E6E00F193D9 /* LoginTicket.m in Sources */ = {isa = PBXBuildFile; fileRef = C4E34D24112B1E6E00F193D9 /* LoginTicket.m */; };
		C4EBFF6E114FFAF700CD6FC9 /* balloon.png in Resources */ = {isa = PBXBuildFile; fileRef = C4EBFF6D114FFAF700CD6FC9 /* balloon.png */; };
		C4EBFF91114FFF7200CD6FC9 /* Balloon_2.png in Resources */ = {isa = PBXBuildFile; fileRef = C4EBFF90114FFF7200CD6FC9 /* Balloon_2.png */; };
		C4EBFF98115001BF00CD6FC9 /* balloon_left.png in Resources */ = {isa = PBXBuildFile; fileRef = C4EBFF97115001BF00CD6FC9 /* balloon_left.png */; };
		C4F0B14C1118DF6B0036B900 /* NewslettersViewController.m in Sources */ = {isa = PBXBuildFile; fileRef = C4F0B14B1118DF6B0036B900 /* NewslettersViewController.m */; };
		C4F0B18B1118E6570036B900 /* SavedSearchesView.xib in Resources */ = {isa = PBXBuildFile; fileRef = C4F0B18A1118E6570036B900 /* SavedSearchesView.xib */; };
/* End PBXBuildFile section */

/* Begin PBXFileReference section */
		1D30AB110D05D00D00671497 /* Foundation.framework */ = {isa = PBXFileReference; lastKnownFileType = wrapper.framework; name = Foundation.framework; path = System/Library/Frameworks/Foundation.framework; sourceTree = SDKROOT; };
		1D3623240D0F684500981E51 /* AppDelegate.h */ = {isa = PBXFileReference; fileEncoding = 4; lastKnownFileType = sourcecode.c.h; path = AppDelegate.h; sourceTree = "<group>"; };
		1D3623250D0F684500981E51 /* AppDelegate.m */ = {isa = PBXFileReference; fileEncoding = 4; lastKnownFileType = sourcecode.c.objc; path = AppDelegate.m; sourceTree = "<group>"; };
		1D6058910D05DD3D006BFB54 /* InfoNgen Pub.app */ = {isa = PBXFileReference; explicitFileType = wrapper.application; includeInIndex = 0; path = "InfoNgen Pub.app"; sourceTree = BUILT_PRODUCTS_DIR; };
		1DF5F4DF0D08C38300B7A737 /* UIKit.framework */ = {isa = PBXFileReference; lastKnownFileType = wrapper.framework; name = UIKit.framework; path = System/Library/Frameworks/UIKit.framework; sourceTree = SDKROOT; };
		2892E40F0DC94CBA00A64D0F /* CoreGraphics.framework */ = {isa = PBXFileReference; lastKnownFileType = wrapper.framework; name = CoreGraphics.framework; path = System/Library/Frameworks/CoreGraphics.framework; sourceTree = SDKROOT; };
		28A0AAE50D9B0CCF005BE974 /* Untitled_Prefix.pch */ = {isa = PBXFileReference; fileEncoding = 4; lastKnownFileType = sourcecode.c.h; path = Untitled_Prefix.pch; sourceTree = "<group>"; };
		28AD735F0D9D9599002E5188 /* MainWindow.xib */ = {isa = PBXFileReference; lastKnownFileType = file.xib; path = MainWindow.xib; sourceTree = "<group>"; };
		29B97316FDCFA39411CA2CEA /* main.m */ = {isa = PBXFileReference; fileEncoding = 4; lastKnownFileType = sourcecode.c.objc; path = main.m; sourceTree = "<group>"; };
		8D1107310486CEB800E47090 /* Untitled-Info.plist */ = {isa = PBXFileReference; fileEncoding = 4; lastKnownFileType = text.plist.xml; path = "Untitled-Info.plist"; plistStructureDefinitionIdentifier = "com.apple.xcode.plist.structure-definition.iphone.info-plist"; sourceTree = "<group>"; };
		B0024DEB116D6B91002F7424 /* NewsletterView.h */ = {isa = PBXFileReference; fileEncoding = 4; lastKnownFileType = sourcecode.c.h; path = NewsletterView.h; sourceTree = "<group>"; };
		B0024DEC116D6B91002F7424 /* NewsletterView.m */ = {isa = PBXFileReference; fileEncoding = 4; lastKnownFileType = sourcecode.c.objc; path = NewsletterView.m; sourceTree = "<group>"; };
		B02F24B2116CF705008A0200 /* NewsletterUpdateFormViewController.h */ = {isa = PBXFileReference; fileEncoding = 4; lastKnownFileType = sourcecode.c.h; path = NewsletterUpdateFormViewController.h; sourceTree = "<group>"; };
		B02F24B3116CF705008A0200 /* NewsletterUpdateFormViewController.m */ = {isa = PBXFileReference; fileEncoding = 4; lastKnownFileType = sourcecode.c.objc; path = NewsletterUpdateFormViewController.m; sourceTree = "<group>"; };
		B02F24C2116CF8AB008A0200 /* NewsletterUpdateFormView.xib */ = {isa = PBXFileReference; lastKnownFileType = file.xib; path = NewsletterUpdateFormView.xib; sourceTree = "<group>"; };
		B02F25F4116D152B008A0200 /* blank.png */ = {isa = PBXFileReference; lastKnownFileType = image.png; path = blank.png; sourceTree = "<group>"; };
		B0338D5D11356A8B00764C4A /* icon_post.png */ = {isa = PBXFileReference; lastKnownFileType = image.png; path = icon_post.png; sourceTree = "<group>"; };
		B0338D8811356EF200764C4A /* comment_edit.png */ = {isa = PBXFileReference; lastKnownFileType = image.png; path = comment_edit.png; sourceTree = "<group>"; };
		B0338F111135A98B00764C4A /* TextViewTableCell.h */ = {isa = PBXFileReference; fileEncoding = 4; lastKnownFileType = sourcecode.c.h; path = TextViewTableCell.h; sourceTree = "<group>"; };
		B0338F121135A98B00764C4A /* TextViewTableCell.m */ = {isa = PBXFileReference; fileEncoding = 4; lastKnownFileType = sourcecode.c.objc; path = TextViewTableCell.m; sourceTree = "<group>"; };
		B0338F6A1135B36D00764C4A /* UIImage-NSCoding.h */ = {isa = PBXFileReference; fileEncoding = 4; lastKnownFileType = sourcecode.c.h; path = "UIImage-NSCoding.h"; sourceTree = "<group>"; };
		B0338F6B1135B36D00764C4A /* UIImage-NSCoding.m */ = {isa = PBXFileReference; fileEncoding = 4; lastKnownFileType = sourcecode.c.objc; path = "UIImage-NSCoding.m"; sourceTree = "<group>"; };
		B04298A4112EE05F00627F07 /* DocumentImage.h */ = {isa = PBXFileReference; fileEncoding = 4; lastKnownFileType = sourcecode.c.h; path = DocumentImage.h; sourceTree = "<group>"; };
		B04298A5112EE05F00627F07 /* DocumentImage.m */ = {isa = PBXFileReference; fileEncoding = 4; lastKnownFileType = sourcecode.c.objc; path = DocumentImage.m; sourceTree = "<group>"; };
		B047D005113F073A00E50884 /* icon_add.png */ = {isa = PBXFileReference; lastKnownFileType = image.png; path = icon_add.png; sourceTree = "<group>"; };
		B047D009113F076200E50884 /* icon_arrow_right.png */ = {isa = PBXFileReference; lastKnownFileType = image.png; path = icon_arrow_right.png; sourceTree = "<group>"; };
		B047D00B113F07A400E50884 /* icon_circle_arrow_right.png */ = {isa = PBXFileReference; lastKnownFileType = image.png; path = icon_circle_arrow_right.png; sourceTree = "<group>"; };
		B047D00D113F07F100E50884 /* icon_delete.png */ = {isa = PBXFileReference; lastKnownFileType = image.png; path = icon_delete.png; sourceTree = "<group>"; };
		B047D00F113F081100E50884 /* icon_error.png */ = {isa = PBXFileReference; lastKnownFileType = image.png; path = icon_error.png; sourceTree = "<group>"; };
		B047D011113F085300E50884 /* icon_mail.png */ = {isa = PBXFileReference; lastKnownFileType = image.png; path = icon_mail.png; sourceTree = "<group>"; };
		B047D013113F088100E50884 /* icon_photo.png */ = {isa = PBXFileReference; lastKnownFileType = image.png; path = icon_photo.png; sourceTree = "<group>"; };
		B047D015113F089300E50884 /* icon_refresh.png */ = {isa = PBXFileReference; lastKnownFileType = image.png; path = icon_refresh.png; sourceTree = "<group>"; };
		B047D017113F089D00E50884 /* icon_resize.png */ = {isa = PBXFileReference; lastKnownFileType = image.png; path = icon_resize.png; sourceTree = "<group>"; };
		B047D019113F08B300E50884 /* icon_rss.png */ = {isa = PBXFileReference; lastKnownFileType = image.png; path = icon_rss.png; sourceTree = "<group>"; };
		B047D01B113F08C000E50884 /* icon_settings.png */ = {isa = PBXFileReference; lastKnownFileType = image.png; path = icon_settings.png; sourceTree = "<group>"; };
		B047D01E113F0A1B00E50884 /* icon_filming.png */ = {isa = PBXFileReference; lastKnownFileType = image.png; path = icon_filming.png; sourceTree = "<group>"; };
		B047D020113F0A2A00E50884 /* icon_document.png */ = {isa = PBXFileReference; lastKnownFileType = image.png; path = icon_document.png; sourceTree = "<group>"; };
		B047D067113F160500E50884 /* icon_paper_trash.png */ = {isa = PBXFileReference; lastKnownFileType = image.png; path = icon_paper_trash.png; sourceTree = "<group>"; };
		B047D069113F161B00E50884 /* icon_trash.png */ = {isa = PBXFileReference; lastKnownFileType = image.png; path = icon_trash.png; sourceTree = "<group>"; };
		B047D08B113F1C4000E50884 /* icon_cancel.png */ = {isa = PBXFileReference; lastKnownFileType = image.png; path = icon_cancel.png; sourceTree = "<group>"; };
		B04E0CBB11481CC9006E634A /* QuartzCore.framework */ = {isa = PBXFileReference; lastKnownFileType = wrapper.framework; name = QuartzCore.framework; path = System/Library/Frameworks/QuartzCore.framework; sourceTree = SDKROOT; };
		B08BC365112C4CDC00851E7A /* UserSettings.h */ = {isa = PBXFileReference; fileEncoding = 4; lastKnownFileType = sourcecode.c.h; path = UserSettings.h; sourceTree = "<group>"; };
		B08BC366112C4CDC00851E7A /* UserSettings.m */ = {isa = PBXFileReference; fileEncoding = 4; lastKnownFileType = sourcecode.c.objc; path = UserSettings.m; sourceTree = "<group>"; };
		B0C078121163F0F7003F0C22 /* BlankToolbar.h */ = {isa = PBXFileReference; fileEncoding = 4; lastKnownFileType = sourcecode.c.h; path = BlankToolbar.h; sourceTree = "<group>"; };
		B0C078131163F0F7003F0C22 /* BlankToolbar.m */ = {isa = PBXFileReference; fileEncoding = 4; lastKnownFileType = sourcecode.c.objc; path = BlankToolbar.m; sourceTree = "<group>"; };
		B0D6F252114A9B05008CC24D /* NewsletterItemContentView.h */ = {isa = PBXFileReference; fileEncoding = 4; lastKnownFileType = sourcecode.c.h; path = NewsletterItemContentView.h; sourceTree = "<group>"; };
		B0D6F253114A9B05008CC24D /* NewsletterItemContentView.m */ = {isa = PBXFileReference; fileEncoding = 4; lastKnownFileType = sourcecode.c.objc; path = NewsletterItemContentView.m; sourceTree = "<group>"; };
		C4158C20112097500070FE54 /* SearchResultCell.h */ = {isa = PBXFileReference; fileEncoding = 4; lastKnownFileType = sourcecode.c.h; path = SearchResultCell.h; sourceTree = "<group>"; };
		C4158C21112097500070FE54 /* SearchResultCell.m */ = {isa = PBXFileReference; fileEncoding = 4; lastKnownFileType = sourcecode.c.objc; path = SearchResultCell.m; sourceTree = "<group>"; };
		C4158C23112097710070FE54 /* SearchResultCell.xib */ = {isa = PBXFileReference; lastKnownFileType = file.xib; path = SearchResultCell.xib; sourceTree = "<group>"; };
		C44456F3113C490900DEA3B6 /* newsletter.html */ = {isa = PBXFileReference; fileEncoding = 4; lastKnownFileType = text.html; path = newsletter.html; sourceTree = "<group>"; };
		C44456FB113C4B1600DEA3B6 /* logo2.gif */ = {isa = PBXFileReference; lastKnownFileType = image.gif; path = logo2.gif; sourceTree = "<group>"; };
		C44456FC113C4B1600DEA3B6 /* ico-2.gif */ = {isa = PBXFileReference; lastKnownFileType = image.gif; path = "ico-2.gif"; sourceTree = "<group>"; };
		C44456FD113C4B1600DEA3B6 /* ico-1.gif */ = {isa = PBXFileReference; lastKnownFileType = image.gif; path = "ico-1.gif"; sourceTree = "<group>"; };
		C45136DD113D9FE80067B421 /* NewsletterDistributionListView.xib */ = {isa = PBXFileReference; lastKnownFileType = file.xib; path = NewsletterDistributionListView.xib; sourceTree = "<group>"; };
		C45136DF113D9FFF0067B421 /* NewsletterDistributionListViewController.h */ = {isa = PBXFileReference; fileEncoding = 4; lastKnownFileType = sourcecode.c.h; path = NewsletterDistributionListViewController.h; sourceTree = "<group>"; };
		C45136E0113D9FFF0067B421 /* NewsletterDistributionListViewController.m */ = {isa = PBXFileReference; fileEncoding = 4; lastKnownFileType = sourcecode.c.objc; path = NewsletterDistributionListViewController.m; sourceTree = "<group>"; };
		C4513705113DA3FF0067B421 /* AddressBook.framework */ = {isa = PBXFileReference; lastKnownFileType = wrapper.framework; name = AddressBook.framework; path = System/Library/Frameworks/AddressBook.framework; sourceTree = SDKROOT; };
		C4513709113DA4030067B421 /* AddressBookUI.framework */ = {isa = PBXFileReference; lastKnownFileType = wrapper.framework; name = AddressBookUI.framework; path = System/Library/Frameworks/AddressBookUI.framework; sourceTree = SDKROOT; };
		C451377D113DBCF40067B421 /* icon.png */ = {isa = PBXFileReference; lastKnownFileType = image.png; path = icon.png; sourceTree = "<group>"; };
		C46EB7211120A42B00FFB032 /* UILabelEx.h */ = {isa = PBXFileReference; fileEncoding = 4; lastKnownFileType = sourcecode.c.h; path = UILabelEx.h; sourceTree = "<group>"; };
		C46EB7221120A42B00FFB032 /* UILabelEx.m */ = {isa = PBXFileReference; fileEncoding = 4; lastKnownFileType = sourcecode.c.objc; path = UILabelEx.m; sourceTree = "<group>"; };
		C47E3B10116248A800BDB577 /* NewsletterScrollItemController.h */ = {isa = PBXFileReference; fileEncoding = 4; lastKnownFileType = sourcecode.c.h; path = NewsletterScrollItemController.h; sourceTree = "<group>"; };
		C47E3B11116248A800BDB577 /* NewsletterScrollItemController.m */ = {isa = PBXFileReference; fileEncoding = 4; lastKnownFileType = sourcecode.c.objc; path = NewsletterScrollItemController.m; sourceTree = "<group>"; };
		C47E3B1311624B1500BDB577 /* NewsletterScrollItemView.xib */ = {isa = PBXFileReference; lastKnownFileType = file.xib; path = NewsletterScrollItemView.xib; sourceTree = "<group>"; };
		C47E3BBD1162901900BDB577 /* RootView.xib */ = {isa = PBXFileReference; lastKnownFileType = file.xib; path = RootView.xib; sourceTree = "<group>"; };
		C47E6849116A3391008C8AB2 /* MetaTag.h */ = {isa = PBXFileReference; fileEncoding = 4; lastKnownFileType = sourcecode.c.h; path = MetaTag.h; sourceTree = "<group>"; };
		C47E684A116A3391008C8AB2 /* MetaTag.m */ = {isa = PBXFileReference; fileEncoding = 4; lastKnownFileType = sourcecode.c.objc; path = MetaTag.m; sourceTree = "<group>"; };
		C47E68F6116B9497008C8AB2 /* TextMatch.h */ = {isa = PBXFileReference; fileEncoding = 4; lastKnownFileType = sourcecode.c.h; path = TextMatch.h; sourceTree = "<group>"; };
		C47E68F7116B9497008C8AB2 /* TextMatch.m */ = {isa = PBXFileReference; fileEncoding = 4; lastKnownFileType = sourcecode.c.objc; path = TextMatch.m; sourceTree = "<group>"; };
		C47E6923116B9AEC008C8AB2 /* highlightText.js */ = {isa = PBXFileReference; fileEncoding = 4; lastKnownFileType = sourcecode.javascript; path = highlightText.js; sourceTree = "<group>"; };
		C47E693D116BACD5008C8AB2 /* readability2.js */ = {isa = PBXFileReference; fileEncoding = 4; lastKnownFileType = sourcecode.javascript; path = readability2.js; sourceTree = "<group>"; };
		C47E69CC116BC057008C8AB2 /* readability.css */ = {isa = PBXFileReference; fileEncoding = 4; lastKnownFileType = text.css; path = readability.css; sourceTree = "<group>"; };
		C47EB309112B004100DDD1D5 /* CXMLDocument_CreationExtensions.h */ = {isa = PBXFileReference; fileEncoding = 4; lastKnownFileType = sourcecode.c.h; path = CXMLDocument_CreationExtensions.h; sourceTree = "<group>"; };
		C47EB30A112B004100DDD1D5 /* CXMLDocument_CreationExtensions.m */ = {isa = PBXFileReference; fileEncoding = 4; lastKnownFileType = sourcecode.c.objc; path = CXMLDocument_CreationExtensions.m; sourceTree = "<group>"; };
		C47EB30B112B004100DDD1D5 /* CXMLNode_CreationExtensions.h */ = {isa = PBXFileReference; fileEncoding = 4; lastKnownFileType = sourcecode.c.h; path = CXMLNode_CreationExtensions.h; sourceTree = "<group>"; };
		C47EB30C112B004100DDD1D5 /* CXMLNode_CreationExtensions.m */ = {isa = PBXFileReference; fileEncoding = 4; lastKnownFileType = sourcecode.c.objc; path = CXMLNode_CreationExtensions.m; sourceTree = "<group>"; };
		C47EB30D112B004100DDD1D5 /* CXMLDocument_PrivateExtensions.h */ = {isa = PBXFileReference; fileEncoding = 4; lastKnownFileType = sourcecode.c.h; path = CXMLDocument_PrivateExtensions.h; sourceTree = SOURCE_ROOT; };
		C47EB30E112B004100DDD1D5 /* CXMLDocument_PrivateExtensions.m */ = {isa = PBXFileReference; fileEncoding = 4; lastKnownFileType = sourcecode.c.objc; path = CXMLDocument_PrivateExtensions.m; sourceTree = SOURCE_ROOT; };
		C47EB30F112B004100DDD1D5 /* CXMLDocument.h */ = {isa = PBXFileReference; fileEncoding = 4; lastKnownFileType = sourcecode.c.h; path = CXMLDocument.h; sourceTree = SOURCE_ROOT; };
		C47EB310112B004100DDD1D5 /* CXMLDocument.m */ = {isa = PBXFileReference; fileEncoding = 4; lastKnownFileType = sourcecode.c.objc; path = CXMLDocument.m; sourceTree = SOURCE_ROOT; };
		C47EB311112B004100DDD1D5 /* CXMLElement_CreationExtensions.h */ = {isa = PBXFileReference; fileEncoding = 4; lastKnownFileType = sourcecode.c.h; path = CXMLElement_CreationExtensions.h; sourceTree = SOURCE_ROOT; };
		C47EB312112B004100DDD1D5 /* CXMLElement_CreationExtensions.m */ = {isa = PBXFileReference; fileEncoding = 4; lastKnownFileType = sourcecode.c.objc; path = CXMLElement_CreationExtensions.m; sourceTree = SOURCE_ROOT; };
		C47EB313112B004100DDD1D5 /* CXMLElement_ElementTreeExtensions.h */ = {isa = PBXFileReference; fileEncoding = 4; lastKnownFileType = sourcecode.c.h; path = CXMLElement_ElementTreeExtensions.h; sourceTree = SOURCE_ROOT; };
		C47EB314112B004100DDD1D5 /* CXMLElement_ElementTreeExtensions.m */ = {isa = PBXFileReference; fileEncoding = 4; lastKnownFileType = sourcecode.c.objc; path = CXMLElement_ElementTreeExtensions.m; sourceTree = SOURCE_ROOT; };
		C47EB315112B004100DDD1D5 /* CXMLElement.h */ = {isa = PBXFileReference; fileEncoding = 4; lastKnownFileType = sourcecode.c.h; path = CXMLElement.h; sourceTree = SOURCE_ROOT; };
		C47EB316112B004100DDD1D5 /* CXMLElement.m */ = {isa = PBXFileReference; fileEncoding = 4; lastKnownFileType = sourcecode.c.objc; path = CXMLElement.m; sourceTree = SOURCE_ROOT; };
		C47EB317112B004100DDD1D5 /* CXMLNode_PrivateExtensions.h */ = {isa = PBXFileReference; fileEncoding = 4; lastKnownFileType = sourcecode.c.h; path = CXMLNode_PrivateExtensions.h; sourceTree = SOURCE_ROOT; };
		C47EB318112B004100DDD1D5 /* CXMLNode_PrivateExtensions.m */ = {isa = PBXFileReference; fileEncoding = 4; lastKnownFileType = sourcecode.c.objc; path = CXMLNode_PrivateExtensions.m; sourceTree = SOURCE_ROOT; };
		C47EB319112B004100DDD1D5 /* CXMLNode_XPathExtensions.h */ = {isa = PBXFileReference; fileEncoding = 4; lastKnownFileType = sourcecode.c.h; path = CXMLNode_XPathExtensions.h; sourceTree = SOURCE_ROOT; };
		C47EB31A112B004100DDD1D5 /* CXMLNode_XPathExtensions.m */ = {isa = PBXFileReference; fileEncoding = 4; lastKnownFileType = sourcecode.c.objc; path = CXMLNode_XPathExtensions.m; sourceTree = SOURCE_ROOT; };
		C47EB31B112B004100DDD1D5 /* CXMLNode.h */ = {isa = PBXFileReference; fileEncoding = 4; lastKnownFileType = sourcecode.c.h; path = CXMLNode.h; sourceTree = SOURCE_ROOT; };
		C47EB31C112B004100DDD1D5 /* CXMLNode.m */ = {isa = PBXFileReference; fileEncoding = 4; lastKnownFileType = sourcecode.c.objc; path = CXMLNode.m; sourceTree = SOURCE_ROOT; };
		C47EB31E112B004100DDD1D5 /* CTidy.h */ = {isa = PBXFileReference; fileEncoding = 4; lastKnownFileType = sourcecode.c.h; path = CTidy.h; sourceTree = "<group>"; };
		C47EB31F112B004100DDD1D5 /* CTidy.m */ = {isa = PBXFileReference; fileEncoding = 4; lastKnownFileType = sourcecode.c.objc; path = CTidy.m; sourceTree = "<group>"; };
		C47EB320112B004100DDD1D5 /* TouchXML.h */ = {isa = PBXFileReference; fileEncoding = 4; lastKnownFileType = sourcecode.c.h; path = TouchXML.h; sourceTree = SOURCE_ROOT; };
		C47EB32C112B006600DDD1D5 /* Base64.h */ = {isa = PBXFileReference; fileEncoding = 4; lastKnownFileType = sourcecode.c.h; path = Base64.h; sourceTree = SOURCE_ROOT; };
		C47EB32D112B006600DDD1D5 /* Base64.m */ = {isa = PBXFileReference; fileEncoding = 4; lastKnownFileType = sourcecode.c.objc; path = Base64.m; sourceTree = SOURCE_ROOT; };
		C47EB32E112B006600DDD1D5 /* FacetField.h */ = {isa = PBXFileReference; fileEncoding = 4; lastKnownFileType = sourcecode.c.h; path = FacetField.h; sourceTree = SOURCE_ROOT; };
		C47EB32F112B006600DDD1D5 /* FacetField.m */ = {isa = PBXFileReference; fileEncoding = 4; lastKnownFileType = sourcecode.c.objc; path = FacetField.m; sourceTree = SOURCE_ROOT; };
		C47EB330112B006600DDD1D5 /* FacetValue.h */ = {isa = PBXFileReference; fileEncoding = 4; lastKnownFileType = sourcecode.c.h; path = FacetValue.h; sourceTree = SOURCE_ROOT; };
		C47EB331112B006600DDD1D5 /* FacetValue.m */ = {isa = PBXFileReference; fileEncoding = 4; lastKnownFileType = sourcecode.c.objc; path = FacetValue.m; sourceTree = SOURCE_ROOT; };
		C47EB334112B006600DDD1D5 /* Search.h */ = {isa = PBXFileReference; fileEncoding = 4; lastKnownFileType = sourcecode.c.h; path = Search.h; sourceTree = SOURCE_ROOT; };
		C47EB335112B006600DDD1D5 /* Search.m */ = {isa = PBXFileReference; fileEncoding = 4; lastKnownFileType = sourcecode.c.objc; path = Search.m; sourceTree = SOURCE_ROOT; };
		C47EB336112B006600DDD1D5 /* SearchArguments.h */ = {isa = PBXFileReference; fileEncoding = 4; lastKnownFileType = sourcecode.c.h; path = SearchArguments.h; sourceTree = SOURCE_ROOT; };
		C47EB337112B006600DDD1D5 /* SearchArguments.m */ = {isa = PBXFileReference; fileEncoding = 4; lastKnownFileType = sourcecode.c.objc; path = SearchArguments.m; sourceTree = SOURCE_ROOT; };
		C47EB338112B006600DDD1D5 /* SearchClient.h */ = {isa = PBXFileReference; fileEncoding = 4; lastKnownFileType = sourcecode.c.h; path = SearchClient.h; sourceTree = SOURCE_ROOT; };
		C47EB339112B006600DDD1D5 /* SearchClient.m */ = {isa = PBXFileReference; fileEncoding = 4; lastKnownFileType = sourcecode.c.objc; path = SearchClient.m; sourceTree = SOURCE_ROOT; };
		C47EB33A112B006600DDD1D5 /* SearchResult.h */ = {isa = PBXFileReference; fileEncoding = 4; lastKnownFileType = sourcecode.c.h; path = SearchResult.h; sourceTree = SOURCE_ROOT; };
		C47EB33B112B006600DDD1D5 /* SearchResult.m */ = {isa = PBXFileReference; fileEncoding = 4; lastKnownFileType = sourcecode.c.objc; path = SearchResult.m; sourceTree = SOURCE_ROOT; };
		C47EB33C112B006600DDD1D5 /* SearchResults.h */ = {isa = PBXFileReference; fileEncoding = 4; lastKnownFileType = sourcecode.c.h; path = SearchResults.h; sourceTree = SOURCE_ROOT; };
		C47EB33D112B006600DDD1D5 /* SearchResults.m */ = {isa = PBXFileReference; fileEncoding = 4; lastKnownFileType = sourcecode.c.objc; path = SearchResults.m; sourceTree = SOURCE_ROOT; };
		C47EB35C112B027E00DDD1D5 /* Settings.bundle */ = {isa = PBXFileReference; lastKnownFileType = "wrapper.plug-in"; path = Settings.bundle; sourceTree = "<group>"; };
		C4836FD9113FFC05005633B3 /* icon_arrow_left.png */ = {isa = PBXFileReference; lastKnownFileType = image.png; path = icon_arrow_left.png; sourceTree = "<group>"; };
		C4837044114047BB005633B3 /* icon_text_align_left.png */ = {isa = PBXFileReference; lastKnownFileType = image.png; path = icon_text_align_left.png; sourceTree = "<group>"; };
		C4837046114047F5005633B3 /* icon_paragraph.png */ = {isa = PBXFileReference; lastKnownFileType = image.png; path = icon_paragraph.png; sourceTree = "<group>"; };
		C48370481140480E005633B3 /* icon_measures.png */ = {isa = PBXFileReference; lastKnownFileType = image.png; path = icon_measures.png; sourceTree = "<group>"; };
		C485C93911613FF4005CFD2E /* NewslettersScrollView.xib */ = {isa = PBXFileReference; lastKnownFileType = file.xib; path = NewslettersScrollView.xib; sourceTree = "<group>"; };
		C485C93C11614120005CFD2E /* NewslettersScrollViewController.h */ = {isa = PBXFileReference; fileEncoding = 4; lastKnownFileType = sourcecode.c.h; path = NewslettersScrollViewController.h; sourceTree = "<group>"; };
		C485C93D11614120005CFD2E /* NewslettersScrollViewController.m */ = {isa = PBXFileReference; fileEncoding = 4; lastKnownFileType = sourcecode.c.objc; path = NewslettersScrollViewController.m; sourceTree = "<group>"; };
		C4868B4111347F2700B6F842 /* NewslettersView.xib */ = {isa = PBXFileReference; lastKnownFileType = file.xib; path = NewslettersView.xib; sourceTree = "<group>"; };
		C49091051119F99D007F30BA /* SavedSearchController.h */ = {isa = PBXFileReference; fileEncoding = 4; lastKnownFileType = sourcecode.c.h; path = SavedSearchController.h; sourceTree = "<group>"; };
		C49091061119F99D007F30BA /* SavedSearchController.m */ = {isa = PBXFileReference; fileEncoding = 4; lastKnownFileType = sourcecode.c.objc; path = SavedSearchController.m; sourceTree = "<group>"; };
		C4926BCF114977DD00EC37A3 /* SelectImageView.xib */ = {isa = PBXFileReference; lastKnownFileType = file.xib; path = SelectImageView.xib; sourceTree = "<group>"; };
		C49BA1791136DF3E0015227C /* NewsletterSection.h */ = {isa = PBXFileReference; fileEncoding = 4; lastKnownFileType = sourcecode.c.h; path = NewsletterSection.h; sourceTree = "<group>"; };
		C49BA17A1136DF3E0015227C /* NewsletterSection.m */ = {isa = PBXFileReference; fileEncoding = 4; lastKnownFileType = sourcecode.c.objc; path = NewsletterSection.m; sourceTree = "<group>"; };
		C49BA1A31136E59F0015227C /* NewsletterSectionsViewController.h */ = {isa = PBXFileReference; fileEncoding = 4; lastKnownFileType = sourcecode.c.h; path = NewsletterSectionsViewController.h; sourceTree = "<group>"; };
		C49BA1A41136E59F0015227C /* NewsletterSectionsViewController.m */ = {isa = PBXFileReference; fileEncoding = 4; lastKnownFileType = sourcecode.c.objc; path = NewsletterSectionsViewController.m; sourceTree = "<group>"; };
		C49BA1A61136E5BB0015227C /* NewsletterSectionsView.xib */ = {isa = PBXFileReference; lastKnownFileType = file.xib; path = NewsletterSectionsView.xib; sourceTree = "<group>"; };
		C49BA1B41136E8C50015227C /* NewsletterAddSectionViewController.h */ = {isa = PBXFileReference; fileEncoding = 4; lastKnownFileType = sourcecode.c.h; path = NewsletterAddSectionViewController.h; sourceTree = "<group>"; };
		C49BA1B51136E8C50015227C /* NewsletterAddSectionViewController.m */ = {isa = PBXFileReference; fileEncoding = 4; lastKnownFileType = sourcecode.c.objc; path = NewsletterAddSectionViewController.m; sourceTree = "<group>"; };
		C49BA1B71136E9560015227C /* NewsletterAddSectionView.xib */ = {isa = PBXFileReference; lastKnownFileType = file.xib; path = NewsletterAddSectionView.xib; sourceTree = "<group>"; };
		C49BA24E11371D540015227C /* NewsletterHTMLPreviewViewController.h */ = {isa = PBXFileReference; fileEncoding = 4; lastKnownFileType = sourcecode.c.h; path = NewsletterHTMLPreviewViewController.h; sourceTree = "<group>"; };
		C49BA24F11371D540015227C /* NewsletterHTMLPreviewViewController.m */ = {isa = PBXFileReference; fileEncoding = 4; lastKnownFileType = sourcecode.c.objc; path = NewsletterHTMLPreviewViewController.m; sourceTree = "<group>"; };
		C49BA25111371D690015227C /* NewsletterHTMLPreviewView.xib */ = {isa = PBXFileReference; lastKnownFileType = file.xib; path = NewsletterHTMLPreviewView.xib; sourceTree = "<group>"; };
		C4B92FE41134347100AF9B7C /* SegmentedTableCell.h */ = {isa = PBXFileReference; fileEncoding = 4; lastKnownFileType = sourcecode.c.h; path = SegmentedTableCell.h; sourceTree = "<group>"; };
		C4B92FE51134347100AF9B7C /* SegmentedTableCell.m */ = {isa = PBXFileReference; fileEncoding = 4; lastKnownFileType = sourcecode.c.objc; path = SegmentedTableCell.m; sourceTree = "<group>"; };
		C4B9303011344D9B00AF9B7C /* Default-Landscape.png */ = {isa = PBXFileReference; lastKnownFileType = image.png; path = "Default-Landscape.png"; sourceTree = "<group>"; };
		C4B9303111344D9B00AF9B7C /* Default-LandscapeLeft.png */ = {isa = PBXFileReference; lastKnownFileType = image.png; path = "Default-LandscapeLeft.png"; sourceTree = "<group>"; };
		C4B9303211344D9B00AF9B7C /* Default-LandscapeRight.png */ = {isa = PBXFileReference; lastKnownFileType = image.png; path = "Default-LandscapeRight.png"; sourceTree = "<group>"; };
		C4B9303311344D9B00AF9B7C /* Default-Portrait.png */ = {isa = PBXFileReference; lastKnownFileType = image.png; path = "Default-Portrait.png"; sourceTree = "<group>"; };
		C4B9303411344D9B00AF9B7C /* Default-PortraitUpsideDown.png */ = {isa = PBXFileReference; lastKnownFileType = image.png; path = "Default-PortraitUpsideDown.png"; sourceTree = "<group>"; };
		C4BA4E8D114E8AFE003A0396 /* DocumentEditFormView.xib */ = {isa = PBXFileReference; lastKnownFileType = file.xib; path = DocumentEditFormView.xib; sourceTree = "<group>"; };
		C4BA4E91114E8DD3003A0396 /* DocumentEditFormViewController.h */ = {isa = PBXFileReference; fileEncoding = 4; lastKnownFileType = sourcecode.c.h; path = DocumentEditFormViewController.h; sourceTree = "<group>"; };
		C4BA4E92114E8DD3003A0396 /* DocumentEditFormViewController.m */ = {isa = PBXFileReference; fileEncoding = 4; lastKnownFileType = sourcecode.c.objc; path = DocumentEditFormViewController.m; sourceTree = "<group>"; };
		C4BF00DE112DBD860005AA73 /* NewsletterViewController.h */ = {isa = PBXFileReference; fileEncoding = 4; lastKnownFileType = sourcecode.c.h; path = NewsletterViewController.h; sourceTree = "<group>"; };
		C4BF00DF112DBD860005AA73 /* NewsletterViewController.m */ = {isa = PBXFileReference; fileEncoding = 4; lastKnownFileType = sourcecode.c.objc; path = NewsletterViewController.m; sourceTree = "<group>"; };
		C4BF00E1112DBDBB0005AA73 /* DocumentWebViewController.h */ = {isa = PBXFileReference; fileEncoding = 4; lastKnownFileType = sourcecode.c.h; path = DocumentWebViewController.h; sourceTree = "<group>"; };
		C4BF00E2112DBDBB0005AA73 /* DocumentWebViewController.m */ = {isa = PBXFileReference; fileEncoding = 4; lastKnownFileType = sourcecode.c.objc; path = DocumentWebViewController.m; sourceTree = "<group>"; };
		C4BF00F6112DC41C0005AA73 /* NewsletterView.xib */ = {isa = PBXFileReference; lastKnownFileType = file.xib; path = NewsletterView.xib; sourceTree = "<group>"; };
		C4BF01BA112DCE820005AA73 /* DocumentWebView.xib */ = {isa = PBXFileReference; lastKnownFileType = file.xib; path = DocumentWebView.xib; sourceTree = "<group>"; };
		C4D46A3511516E8B00597793 /* NewsletterBaseViewController.h */ = {isa = PBXFileReference; fileEncoding = 4; lastKnownFileType = sourcecode.c.h; path = NewsletterBaseViewController.h; sourceTree = "<group>"; };
		C4D46A3611516E8B00597793 /* NewsletterBaseViewController.m */ = {isa = PBXFileReference; fileEncoding = 4; lastKnownFileType = sourcecode.c.objc; path = NewsletterBaseViewController.m; sourceTree = "<group>"; };
		C4D82851111B1DD000947677 /* Newsletter.h */ = {isa = PBXFileReference; fileEncoding = 4; lastKnownFileType = sourcecode.c.h; path = Newsletter.h; sourceTree = "<group>"; };
		C4D82852111B1DD000947677 /* Newsletter.m */ = {isa = PBXFileReference; fileEncoding = 4; lastKnownFileType = sourcecode.c.objc; path = Newsletter.m; sourceTree = "<group>"; };
		C4D82854111B1DE400947677 /* SavedSearch.h */ = {isa = PBXFileReference; fileEncoding = 4; lastKnownFileType = sourcecode.c.h; path = SavedSearch.h; sourceTree = "<group>"; };
		C4D82855111B1DE400947677 /* SavedSearch.m */ = {isa = PBXFileReference; fileEncoding = 4; lastKnownFileType = sourcecode.c.objc; path = SavedSearch.m; sourceTree = "<group>"; };
		C4E13B8B1132D29200FC8A44 /* ImagePickerView.xib */ = {isa = PBXFileReference; lastKnownFileType = file.xib; path = ImagePickerView.xib; sourceTree = "<group>"; };
		C4E13C0F1132E7B300FC8A44 /* readability.js */ = {isa = PBXFileReference; fileEncoding = 4; lastKnownFileType = sourcecode.javascript; path = readability.js; sourceTree = "<group>"; };
		C4E13C4C1132F4CE00FC8A44 /* DocumentTextView.xib */ = {isa = PBXFileReference; lastKnownFileType = file.xib; path = DocumentTextView.xib; sourceTree = "<group>"; };
		C4E13C7D11330A6700FC8A44 /* DocumentEditViewController.h */ = {isa = PBXFileReference; fileEncoding = 4; lastKnownFileType = sourcecode.c.h; path = DocumentEditViewController.h; sourceTree = "<group>"; };
		C4E13C7E11330A6700FC8A44 /* DocumentEditViewController.m */ = {isa = PBXFileReference; fileEncoding = 4; lastKnownFileType = sourcecode.c.objc; path = DocumentEditViewController.m; sourceTree = "<group>"; };
		C4E13C8011330B7400FC8A44 /* DocumentEditView.xib */ = {isa = PBXFileReference; lastKnownFileType = file.xib; path = DocumentEditView.xib; sourceTree = "<group>"; };
		C4E13CCD11331FAA00FC8A44 /* NewsletterSettingsView.xib */ = {isa = PBXFileReference; lastKnownFileType = file.xib; path = NewsletterSettingsView.xib; sourceTree = "<group>"; };
		C4E13CD51133254900FC8A44 /* NewsletterSettingsViewController.h */ = {isa = PBXFileReference; fileEncoding = 4; lastKnownFileType = sourcecode.c.h; path = NewsletterSettingsViewController.h; sourceTree = "<group>"; };
		C4E13CD61133254900FC8A44 /* NewsletterSettingsViewController.m */ = {isa = PBXFileReference; fileEncoding = 4; lastKnownFileType = sourcecode.c.objc; path = NewsletterSettingsViewController.m; sourceTree = "<group>"; };
		C4E13D37113339B800FC8A44 /* TextFieldTableCell.h */ = {isa = PBXFileReference; fileEncoding = 4; lastKnownFileType = sourcecode.c.h; path = TextFieldTableCell.h; sourceTree = "<group>"; };
		C4E13D38113339B800FC8A44 /* TextFieldTableCell.m */ = {isa = PBXFileReference; fileEncoding = 4; lastKnownFileType = sourcecode.c.objc; path = TextFieldTableCell.m; sourceTree = "<group>"; };
		C4E34D23112B1E6E00F193D9 /* LoginTicket.h */ = {isa = PBXFileReference; fileEncoding = 4; lastKnownFileType = sourcecode.c.h; path = LoginTicket.h; sourceTree = "<group>"; };
		C4E34D24112B1E6E00F193D9 /* LoginTicket.m */ = {isa = PBXFileReference; fileEncoding = 4; lastKnownFileType = sourcecode.c.objc; path = LoginTicket.m; sourceTree = "<group>"; };
		C4EBFF6D114FFAF700CD6FC9 /* balloon.png */ = {isa = PBXFileReference; lastKnownFileType = image.png; path = balloon.png; sourceTree = "<group>"; };
		C4EBFF90114FFF7200CD6FC9 /* Balloon_2.png */ = {isa = PBXFileReference; lastKnownFileType = image.png; path = Balloon_2.png; sourceTree = "<group>"; };
		C4EBFF97115001BF00CD6FC9 /* balloon_left.png */ = {isa = PBXFileReference; lastKnownFileType = image.png; path = balloon_left.png; sourceTree = "<group>"; };
		C4F0B14A1118DF6B0036B900 /* NewslettersViewController.h */ = {isa = PBXFileReference; fileEncoding = 4; lastKnownFileType = sourcecode.c.h; path = NewslettersViewController.h; sourceTree = "<group>"; };
		C4F0B14B1118DF6B0036B900 /* NewslettersViewController.m */ = {isa = PBXFileReference; fileEncoding = 4; lastKnownFileType = sourcecode.c.objc; path = NewslettersViewController.m; sourceTree = "<group>"; };
		C4F0B18A1118E6570036B900 /* SavedSearchesView.xib */ = {isa = PBXFileReference; lastKnownFileType = file.xib; path = SavedSearchesView.xib; sourceTree = "<group>"; };
/* End PBXFileReference section */

/* Begin PBXFrameworksBuildPhase section */
		1D60588F0D05DD3D006BFB54 /* Frameworks */ = {
			isa = PBXFrameworksBuildPhase;
			buildActionMask = 2147483647;
			files = (
				1D60589F0D05DD5A006BFB54 /* Foundation.framework in Frameworks */,
				1DF5F4E00D08C38300B7A737 /* UIKit.framework in Frameworks */,
				2892E4100DC94CBA00A64D0F /* CoreGraphics.framework in Frameworks */,
				C4513706113DA3FF0067B421 /* AddressBook.framework in Frameworks */,
				C451370A113DA4030067B421 /* AddressBookUI.framework in Frameworks */,
				B04E0CBC11481CC9006E634A /* QuartzCore.framework in Frameworks */,
			);
			runOnlyForDeploymentPostprocessing = 0;
		};
/* End PBXFrameworksBuildPhase section */

/* Begin PBXGroup section */
		080E96DDFE201D6D7F000001 /* Classes */ = {
			isa = PBXGroup;
			children = (
				B023D4341138578100C15747 /* Utilities */,
				C47EB307112B001800DDD1D5 /* TouchXML */,
				C47EB306112B001100DDD1D5 /* InfoNgenSearch */,
				1D3623240D0F684500981E51 /* AppDelegate.h */,
				1D3623250D0F684500981E51 /* AppDelegate.m */,
				C4BF00E1112DBDBB0005AA73 /* DocumentWebViewController.h */,
				C4BF00E2112DBDBB0005AA73 /* DocumentWebViewController.m */,
				B04298A4112EE05F00627F07 /* DocumentImage.h */,
				B04298A5112EE05F00627F07 /* DocumentImage.m */,
				C4E13C7D11330A6700FC8A44 /* DocumentEditViewController.h */,
				C4E13C7E11330A6700FC8A44 /* DocumentEditViewController.m */,
				C4D82851111B1DD000947677 /* Newsletter.h */,
				C4D82852111B1DD000947677 /* Newsletter.m */,
				C4BF00DE112DBD860005AA73 /* NewsletterViewController.h */,
				C4BF00DF112DBD860005AA73 /* NewsletterViewController.m */,
				C4F0B14A1118DF6B0036B900 /* NewslettersViewController.h */,
				C4F0B14B1118DF6B0036B900 /* NewslettersViewController.m */,
				C4E13CD51133254900FC8A44 /* NewsletterSettingsViewController.h */,
				C4E13CD61133254900FC8A44 /* NewsletterSettingsViewController.m */,
				C49BA1791136DF3E0015227C /* NewsletterSection.h */,
				C49BA17A1136DF3E0015227C /* NewsletterSection.m */,
				C49BA1A31136E59F0015227C /* NewsletterSectionsViewController.h */,
				C49BA1A41136E59F0015227C /* NewsletterSectionsViewController.m */,
				C49BA1B41136E8C50015227C /* NewsletterAddSectionViewController.h */,
				C49BA1B51136E8C50015227C /* NewsletterAddSectionViewController.m */,
				C49BA24E11371D540015227C /* NewsletterHTMLPreviewViewController.h */,
				C49BA24F11371D540015227C /* NewsletterHTMLPreviewViewController.m */,
				C49091051119F99D007F30BA /* SavedSearchController.h */,
				C49091061119F99D007F30BA /* SavedSearchController.m */,
				C4158C20112097500070FE54 /* SearchResultCell.h */,
				C4158C21112097500070FE54 /* SearchResultCell.m */,
				B08BC365112C4CDC00851E7A /* UserSettings.h */,
				B08BC366112C4CDC00851E7A /* UserSettings.m */,
				C45136DF113D9FFF0067B421 /* NewsletterDistributionListViewController.h */,
				C45136E0113D9FFF0067B421 /* NewsletterDistributionListViewController.m */,
				B0D6F252114A9B05008CC24D /* NewsletterItemContentView.h */,
				B0D6F253114A9B05008CC24D /* NewsletterItemContentView.m */,
				C4BA4E91114E8DD3003A0396 /* DocumentEditFormViewController.h */,
				C4BA4E92114E8DD3003A0396 /* DocumentEditFormViewController.m */,
				C4D46A3511516E8B00597793 /* NewsletterBaseViewController.h */,
				C4D46A3611516E8B00597793 /* NewsletterBaseViewController.m */,
				C485C93C11614120005CFD2E /* NewslettersScrollViewController.h */,
				C485C93D11614120005CFD2E /* NewslettersScrollViewController.m */,
				C47E3B10116248A800BDB577 /* NewsletterScrollItemController.h */,
				C47E3B11116248A800BDB577 /* NewsletterScrollItemController.m */,
				B0C078121163F0F7003F0C22 /* BlankToolbar.h */,
				B0C078131163F0F7003F0C22 /* BlankToolbar.m */,
				B02F24B2116CF705008A0200 /* NewsletterUpdateFormViewController.h */,
				B02F24B3116CF705008A0200 /* NewsletterUpdateFormViewController.m */,
				B0024DEB116D6B91002F7424 /* NewsletterView.h */,
				B0024DEC116D6B91002F7424 /* NewsletterView.m */,
			);
			path = Classes;
			sourceTree = "<group>";
		};
		19C28FACFE9D520D11CA2CBB /* Products */ = {
			isa = PBXGroup;
			children = (
				1D6058910D05DD3D006BFB54 /* InfoNgen Pub.app */,
			);
			name = Products;
			sourceTree = "<group>";
		};
		29B97314FDCFA39411CA2CEA /* CustomTemplate */ = {
			isa = PBXGroup;
			children = (
				080E96DDFE201D6D7F000001 /* Classes */,
				29B97315FDCFA39411CA2CEA /* Other Sources */,
				29B97317FDCFA39411CA2CEA /* Resources-iPad */,
				29B97323FDCFA39411CA2CEA /* Frameworks */,
				19C28FACFE9D520D11CA2CBB /* Products */,
				C47EB35C112B027E00DDD1D5 /* Settings.bundle */,
				C4513705113DA3FF0067B421 /* AddressBook.framework */,
				C4513709113DA4030067B421 /* AddressBookUI.framework */,
			);
			name = CustomTemplate;
			sourceTree = "<group>";
		};
		29B97315FDCFA39411CA2CEA /* Other Sources */ = {
			isa = PBXGroup;
			children = (
				28A0AAE50D9B0CCF005BE974 /* Untitled_Prefix.pch */,
				29B97316FDCFA39411CA2CEA /* main.m */,
			);
			name = "Other Sources";
			sourceTree = "<group>";
		};
		29B97317FDCFA39411CA2CEA /* Resources-iPad */ = {
			isa = PBXGroup;
			children = (
				C4EBFF97115001BF00CD6FC9 /* balloon_left.png */,
				B02F25F4116D152B008A0200 /* blank.png */,
				C4EBFF90114FFF7200CD6FC9 /* Balloon_2.png */,
				C4EBFF6D114FFAF700CD6FC9 /* balloon.png */,
				C48370481140480E005633B3 /* icon_measures.png */,
				C4837046114047F5005633B3 /* icon_paragraph.png */,
				C4837044114047BB005633B3 /* icon_text_align_left.png */,
				C4836FD9113FFC05005633B3 /* icon_arrow_left.png */,
				B047D08B113F1C4000E50884 /* icon_cancel.png */,
				B047D069113F161B00E50884 /* icon_trash.png */,
				B047D067113F160500E50884 /* icon_paper_trash.png */,
				B047D020113F0A2A00E50884 /* icon_document.png */,
				B047D01E113F0A1B00E50884 /* icon_filming.png */,
				B047D01B113F08C000E50884 /* icon_settings.png */,
				B047D019113F08B300E50884 /* icon_rss.png */,
				B047D017113F089D00E50884 /* icon_resize.png */,
				B047D015113F089300E50884 /* icon_refresh.png */,
				B047D013113F088100E50884 /* icon_photo.png */,
				B047D011113F085300E50884 /* icon_mail.png */,
				B047D00F113F081100E50884 /* icon_error.png */,
				B047D00D113F07F100E50884 /* icon_delete.png */,
				B047D00B113F07A400E50884 /* icon_circle_arrow_right.png */,
				B047D009113F076200E50884 /* icon_arrow_right.png */,
				B047D005113F073A00E50884 /* icon_add.png */,
				C451377D113DBCF40067B421 /* icon.png */,
				C44456FB113C4B1600DEA3B6 /* logo2.gif */,
				C44456FC113C4B1600DEA3B6 /* ico-2.gif */,
				C44456FD113C4B1600DEA3B6 /* ico-1.gif */,
				C44456F3113C490900DEA3B6 /* newsletter.html */,
				B0338D8811356EF200764C4A /* comment_edit.png */,
				B0338D5D11356A8B00764C4A /* icon_post.png */,
				C4B9303011344D9B00AF9B7C /* Default-Landscape.png */,
				C4B9303111344D9B00AF9B7C /* Default-LandscapeLeft.png */,
				C4B9303211344D9B00AF9B7C /* Default-LandscapeRight.png */,
				C4B9303311344D9B00AF9B7C /* Default-Portrait.png */,
				C4B9303411344D9B00AF9B7C /* Default-PortraitUpsideDown.png */,
				C4E13C0F1132E7B300FC8A44 /* readability.js */,
				28AD735F0D9D9599002E5188 /* MainWindow.xib */,
				8D1107310486CEB800E47090 /* Untitled-Info.plist */,
				C4F0B18A1118E6570036B900 /* SavedSearchesView.xib */,
				C4158C23112097710070FE54 /* SearchResultCell.xib */,
				C4BF00F6112DC41C0005AA73 /* NewsletterView.xib */,
				C4BF01BA112DCE820005AA73 /* DocumentWebView.xib */,
				C4E13B8B1132D29200FC8A44 /* ImagePickerView.xib */,
				C4E13C4C1132F4CE00FC8A44 /* DocumentTextView.xib */,
				C4E13C8011330B7400FC8A44 /* DocumentEditView.xib */,
				C4E13CCD11331FAA00FC8A44 /* NewsletterSettingsView.xib */,
				C4868B4111347F2700B6F842 /* NewslettersView.xib */,
				C49BA1A61136E5BB0015227C /* NewsletterSectionsView.xib */,
				C49BA1B71136E9560015227C /* NewsletterAddSectionView.xib */,
				C49BA25111371D690015227C /* NewsletterHTMLPreviewView.xib */,
				C45136DD113D9FE80067B421 /* NewsletterDistributionListView.xib */,
				C4926BCF114977DD00EC37A3 /* SelectImageView.xib */,
				C4BA4E8D114E8AFE003A0396 /* DocumentEditFormView.xib */,
				C485C93911613FF4005CFD2E /* NewslettersScrollView.xib */,
				C47E3B1311624B1500BDB577 /* NewsletterScrollItemView.xib */,
				C47E3BBD1162901900BDB577 /* RootView.xib */,
				C47E6923116B9AEC008C8AB2 /* highlightText.js */,
				C47E693D116BACD5008C8AB2 /* readability2.js */,
				C47E69CC116BC057008C8AB2 /* readability.css */,
				B02F24C2116CF8AB008A0200 /* NewsletterUpdateFormView.xib */,
			);
			name = "Resources-iPad";
			sourceTree = "<group>";
		};
		29B97323FDCFA39411CA2CEA /* Frameworks */ = {
			isa = PBXGroup;
			children = (
				1DF5F4DF0D08C38300B7A737 /* UIKit.framework */,
				1D30AB110D05D00D00671497 /* Foundation.framework */,
				2892E40F0DC94CBA00A64D0F /* CoreGraphics.framework */,
				B04E0CBB11481CC9006E634A /* QuartzCore.framework */,
			);
			name = Frameworks;
			sourceTree = "<group>";
		};
		B023D4341138578100C15747 /* Utilities */ = {
			isa = PBXGroup;
			children = (
				C46EB7211120A42B00FFB032 /* UILabelEx.h */,
				C46EB7221120A42B00FFB032 /* UILabelEx.m */,
				C4E13D37113339B800FC8A44 /* TextFieldTableCell.h */,
				C4E13D38113339B800FC8A44 /* TextFieldTableCell.m */,
				B0338F111135A98B00764C4A /* TextViewTableCell.h */,
				B0338F121135A98B00764C4A /* TextViewTableCell.m */,
				C4B92FE41134347100AF9B7C /* SegmentedTableCell.h */,
				C4B92FE51134347100AF9B7C /* SegmentedTableCell.m */,
				B0338F6A1135B36D00764C4A /* UIImage-NSCoding.h */,
				B0338F6B1135B36D00764C4A /* UIImage-NSCoding.m */,
			);
			name = Utilities;
			sourceTree = "<group>";
		};
		C47EB306112B001100DDD1D5 /* InfoNgenSearch */ = {
			isa = PBXGroup;
			children = (
				C47EB32C112B006600DDD1D5 /* Base64.h */,
				C47EB32D112B006600DDD1D5 /* Base64.m */,
				C47EB32E112B006600DDD1D5 /* FacetField.h */,
				C47EB32F112B006600DDD1D5 /* FacetField.m */,
				C47EB330112B006600DDD1D5 /* FacetValue.h */,
				C47EB331112B006600DDD1D5 /* FacetValue.m */,
				C47EB334112B006600DDD1D5 /* Search.h */,
				C47EB335112B006600DDD1D5 /* Search.m */,
				C47EB336112B006600DDD1D5 /* SearchArguments.h */,
				C47EB337112B006600DDD1D5 /* SearchArguments.m */,
				C47EB338112B006600DDD1D5 /* SearchClient.h */,
				C47EB339112B006600DDD1D5 /* SearchClient.m */,
				C4D82854111B1DE400947677 /* SavedSearch.h */,
				C4D82855111B1DE400947677 /* SavedSearch.m */,
				C47EB33A112B006600DDD1D5 /* SearchResult.h */,
				C47EB33B112B006600DDD1D5 /* SearchResult.m */,
				C47EB33C112B006600DDD1D5 /* SearchResults.h */,
				C47EB33D112B006600DDD1D5 /* SearchResults.m */,
				C4E34D23112B1E6E00F193D9 /* LoginTicket.h */,
				C4E34D24112B1E6E00F193D9 /* LoginTicket.m */,
				C47E6849116A3391008C8AB2 /* MetaTag.h */,
				C47E684A116A3391008C8AB2 /* MetaTag.m */,
				C47E68F6116B9497008C8AB2 /* TextMatch.h */,
				C47E68F7116B9497008C8AB2 /* TextMatch.m */,
			);
			name = InfoNgenSearch;
			sourceTree = "<group>";
		};
		C47EB307112B001800DDD1D5 /* TouchXML */ = {
			isa = PBXGroup;
			children = (
				C47EB308112B004100DDD1D5 /* Creation */,
				C47EB30D112B004100DDD1D5 /* CXMLDocument_PrivateExtensions.h */,
				C47EB30E112B004100DDD1D5 /* CXMLDocument_PrivateExtensions.m */,
				C47EB30F112B004100DDD1D5 /* CXMLDocument.h */,
				C47EB310112B004100DDD1D5 /* CXMLDocument.m */,
				C47EB311112B004100DDD1D5 /* CXMLElement_CreationExtensions.h */,
				C47EB312112B004100DDD1D5 /* CXMLElement_CreationExtensions.m */,
				C47EB313112B004100DDD1D5 /* CXMLElement_ElementTreeExtensions.h */,
				C47EB314112B004100DDD1D5 /* CXMLElement_ElementTreeExtensions.m */,
				C47EB315112B004100DDD1D5 /* CXMLElement.h */,
				C47EB316112B004100DDD1D5 /* CXMLElement.m */,
				C47EB317112B004100DDD1D5 /* CXMLNode_PrivateExtensions.h */,
				C47EB318112B004100DDD1D5 /* CXMLNode_PrivateExtensions.m */,
				C47EB319112B004100DDD1D5 /* CXMLNode_XPathExtensions.h */,
				C47EB31A112B004100DDD1D5 /* CXMLNode_XPathExtensions.m */,
				C47EB31B112B004100DDD1D5 /* CXMLNode.h */,
				C47EB31C112B004100DDD1D5 /* CXMLNode.m */,
				C47EB31D112B004100DDD1D5 /* Tidy */,
				C47EB320112B004100DDD1D5 /* TouchXML.h */,
			);
			name = TouchXML;
			sourceTree = "<group>";
		};
		C47EB308112B004100DDD1D5 /* Creation */ = {
			isa = PBXGroup;
			children = (
				C47EB309112B004100DDD1D5 /* CXMLDocument_CreationExtensions.h */,
				C47EB30A112B004100DDD1D5 /* CXMLDocument_CreationExtensions.m */,
				C47EB30B112B004100DDD1D5 /* CXMLNode_CreationExtensions.h */,
				C47EB30C112B004100DDD1D5 /* CXMLNode_CreationExtensions.m */,
			);
			path = Creation;
			sourceTree = SOURCE_ROOT;
		};
		C47EB31D112B004100DDD1D5 /* Tidy */ = {
			isa = PBXGroup;
			children = (
				C47EB31E112B004100DDD1D5 /* CTidy.h */,
				C47EB31F112B004100DDD1D5 /* CTidy.m */,
			);
			path = Tidy;
			sourceTree = SOURCE_ROOT;
		};
/* End PBXGroup section */

/* Begin PBXNativeTarget section */
		1D6058900D05DD3D006BFB54 /* InfoNgen Pub */ = {
			isa = PBXNativeTarget;
			buildConfigurationList = 1D6058960D05DD3E006BFB54 /* Build configuration list for PBXNativeTarget "InfoNgen Pub" */;
			buildPhases = (
				1D60588D0D05DD3D006BFB54 /* Resources */,
				1D60588E0D05DD3D006BFB54 /* Sources */,
				1D60588F0D05DD3D006BFB54 /* Frameworks */,
			);
			buildRules = (
			);
			dependencies = (
			);
			name = "InfoNgen Pub";
			productName = Untitled;
			productReference = 1D6058910D05DD3D006BFB54 /* InfoNgen Pub.app */;
			productType = "com.apple.product-type.application";
		};
/* End PBXNativeTarget section */

/* Begin PBXProject section */
		29B97313FDCFA39411CA2CEA /* Project object */ = {
			isa = PBXProject;
			attributes = {
				ORGANIZATIONNAME = InfoNgen;
			};
			buildConfigurationList = C01FCF4E08A954540054247B /* Build configuration list for PBXProject "Untitled" */;
			compatibilityVersion = "Xcode 3.2";
			hasScannedForEncodings = 1;
			knownRegions = (
				English,
				Japanese,
				French,
				German,
				en,
			);
			mainGroup = 29B97314FDCFA39411CA2CEA /* CustomTemplate */;
			projectDirPath = "";
			projectRoot = "";
			targets = (
				1D6058900D05DD3D006BFB54 /* InfoNgen Pub */,
			);
		};
/* End PBXProject section */

/* Begin PBXResourcesBuildPhase section */
		1D60588D0D05DD3D006BFB54 /* Resources */ = {
			isa = PBXResourcesBuildPhase;
			buildActionMask = 2147483647;
			files = (
				28AD73600D9D9599002E5188 /* MainWindow.xib in Resources */,
				C47E696D116BAF79008C8AB2 /* highlightText.js in Resources */,
				C47E69CD116BC057008C8AB2 /* readability.css in Resources */,
				C4F0B18B1118E6570036B900 /* SavedSearchesView.xib in Resources */,
				C47E6968116BAF72008C8AB2 /* readability2.js in Resources */,
				C4158C24112097710070FE54 /* SearchResultCell.xib in Resources */,
				C47EB35D112B027E00DDD1D5 /* Settings.bundle in Resources */,
				C4BF00F7112DC41C0005AA73 /* NewsletterView.xib in Resources */,
				C4BF01BB112DCE820005AA73 /* DocumentWebView.xib in Resources */,
				C4E13B8C1132D29200FC8A44 /* ImagePickerView.xib in Resources */,
				C4E13C101132E7B300FC8A44 /* readability.js in Resources */,
				C4E13C4D1132F4CE00FC8A44 /* DocumentTextView.xib in Resources */,
				C4E13C8111330B7400FC8A44 /* DocumentEditView.xib in Resources */,
				C4E13CCE11331FAA00FC8A44 /* NewsletterSettingsView.xib in Resources */,
				C4B9303511344D9B00AF9B7C /* Default-Landscape.png in Resources */,
				C4B9303611344D9B00AF9B7C /* Default-LandscapeLeft.png in Resources */,
				C4B9303711344D9B00AF9B7C /* Default-LandscapeRight.png in Resources */,
				C4B9303811344D9B00AF9B7C /* Default-Portrait.png in Resources */,
				C4B9303911344D9B00AF9B7C /* Default-PortraitUpsideDown.png in Resources */,
				C4868B4211347F2700B6F842 /* NewslettersView.xib in Resources */,
				B0338D5E11356A8B00764C4A /* icon_post.png in Resources */,
				B0338D8911356EF200764C4A /* comment_edit.png in Resources */,
				C49BA1A71136E5BB0015227C /* NewsletterSectionsView.xib in Resources */,
				C49BA1B81136E9560015227C /* NewsletterAddSectionView.xib in Resources */,
				C49BA25211371D690015227C /* NewsletterHTMLPreviewView.xib in Resources */,
				C44456F4113C490900DEA3B6 /* newsletter.html in Resources */,
				C44456FE113C4B1600DEA3B6 /* logo2.gif in Resources */,
				C44456FF113C4B1600DEA3B6 /* ico-2.gif in Resources */,
				C4445700113C4B1600DEA3B6 /* ico-1.gif in Resources */,
				C45136DE113D9FE80067B421 /* NewsletterDistributionListView.xib in Resources */,
				C451377E113DBCF40067B421 /* icon.png in Resources */,
				B047D006113F073A00E50884 /* icon_add.png in Resources */,
				B047D00A113F076200E50884 /* icon_arrow_right.png in Resources */,
				B047D00C113F07A400E50884 /* icon_circle_arrow_right.png in Resources */,
				B047D00E113F07F100E50884 /* icon_delete.png in Resources */,
				B047D010113F081100E50884 /* icon_error.png in Resources */,
				B047D012113F085300E50884 /* icon_mail.png in Resources */,
				B047D014113F088100E50884 /* icon_photo.png in Resources */,
				B047D016113F089300E50884 /* icon_refresh.png in Resources */,
				B047D018113F089D00E50884 /* icon_resize.png in Resources */,
				B047D01A113F08B300E50884 /* icon_rss.png in Resources */,
				B047D01C113F08C000E50884 /* icon_settings.png in Resources */,
				B047D01F113F0A1B00E50884 /* icon_filming.png in Resources */,
				B047D021113F0A2A00E50884 /* icon_document.png in Resources */,
				B047D068113F160500E50884 /* icon_paper_trash.png in Resources */,
				B047D06A113F161B00E50884 /* icon_trash.png in Resources */,
				B047D08C113F1C4000E50884 /* icon_cancel.png in Resources */,
				C4836FDA113FFC05005633B3 /* icon_arrow_left.png in Resources */,
				C4837045114047BB005633B3 /* icon_text_align_left.png in Resources */,
				C4837047114047F5005633B3 /* icon_paragraph.png in Resources */,
				C48370491140480E005633B3 /* icon_measures.png in Resources */,
				C4926BD0114977DD00EC37A3 /* SelectImageView.xib in Resources */,
				C4BA4E8E114E8AFE003A0396 /* DocumentEditFormView.xib in Resources */,
				C4EBFF6E114FFAF700CD6FC9 /* balloon.png in Resources */,
				C4EBFF91114FFF7200CD6FC9 /* Balloon_2.png in Resources */,
				C4EBFF98115001BF00CD6FC9 /* balloon_left.png in Resources */,
				C485C93A11613FF4005CFD2E /* NewslettersScrollView.xib in Resources */,
				C47E3B1411624B1500BDB577 /* NewsletterScrollItemView.xib in Resources */,
				C47E3BBE1162901900BDB577 /* RootView.xib in Resources */,
				B02F24C3116CF8AB008A0200 /* NewsletterUpdateFormView.xib in Resources */,
				B02F25F5116D152B008A0200 /* blank.png in Resources */,
			);
			runOnlyForDeploymentPostprocessing = 0;
		};
/* End PBXResourcesBuildPhase section */

/* Begin PBXSourcesBuildPhase section */
		1D60588E0D05DD3D006BFB54 /* Sources */ = {
			isa = PBXSourcesBuildPhase;
			buildActionMask = 2147483647;
			files = (
				1D60589B0D05DD56006BFB54 /* main.m in Sources */,
				1D3623260D0F684500981E51 /* AppDelegate.m in Sources */,
				C4F0B14C1118DF6B0036B900 /* NewslettersViewController.m in Sources */,
				C49091071119F99D007F30BA /* SavedSearchController.m in Sources */,
				C4D82853111B1DD000947677 /* Newsletter.m in Sources */,
				C4D82856111B1DE400947677 /* SavedSearch.m in Sources */,
				C4158C22112097500070FE54 /* SearchResultCell.m in Sources */,
				C46EB7231120A42B00FFB032 /* UILabelEx.m in Sources */,
				C47EB321112B004100DDD1D5 /* CXMLDocument_CreationExtensions.m in Sources */,
				C47EB322112B004100DDD1D5 /* CXMLNode_CreationExtensions.m in Sources */,
				C47EB323112B004100DDD1D5 /* CXMLDocument_PrivateExtensions.m in Sources */,
				C47EB324112B004100DDD1D5 /* CXMLDocument.m in Sources */,
				C47EB325112B004100DDD1D5 /* CXMLElement_CreationExtensions.m in Sources */,
				C47EB326112B004100DDD1D5 /* CXMLElement_ElementTreeExtensions.m in Sources */,
				C47EB327112B004100DDD1D5 /* CXMLElement.m in Sources */,
				C47EB328112B004100DDD1D5 /* CXMLNode_PrivateExtensions.m in Sources */,
				C47EB329112B004100DDD1D5 /* CXMLNode_XPathExtensions.m in Sources */,
				C47EB32A112B004100DDD1D5 /* CXMLNode.m in Sources */,
				C47EB32B112B004100DDD1D5 /* CTidy.m in Sources */,
				C47EB33E112B006600DDD1D5 /* Base64.m in Sources */,
				C47EB33F112B006600DDD1D5 /* FacetField.m in Sources */,
				C47EB340112B006600DDD1D5 /* FacetValue.m in Sources */,
				C47EB342112B006600DDD1D5 /* Search.m in Sources */,
				C47EB343112B006600DDD1D5 /* SearchArguments.m in Sources */,
				C47EB344112B006600DDD1D5 /* SearchClient.m in Sources */,
				C47EB345112B006600DDD1D5 /* SearchResult.m in Sources */,
				C47EB346112B006600DDD1D5 /* SearchResults.m in Sources */,
				C4E34D25112B1E6E00F193D9 /* LoginTicket.m in Sources */,
				B08BC367112C4CDC00851E7A /* UserSettings.m in Sources */,
				C4BF00E0112DBD860005AA73 /* NewsletterViewController.m in Sources */,
				C4BF00E3112DBDBB0005AA73 /* DocumentWebViewController.m in Sources */,
				B04298A6112EE05F00627F07 /* DocumentImage.m in Sources */,
				C4E13C7F11330A6700FC8A44 /* DocumentEditViewController.m in Sources */,
				C4E13CD71133254900FC8A44 /* NewsletterSettingsViewController.m in Sources */,
				C4E13D39113339B800FC8A44 /* TextFieldTableCell.m in Sources */,
				C4B92FE61134347100AF9B7C /* SegmentedTableCell.m in Sources */,
				B0338F131135A98B00764C4A /* TextViewTableCell.m in Sources */,
				B0338F6C1135B36D00764C4A /* UIImage-NSCoding.m in Sources */,
				C49BA17B1136DF3E0015227C /* NewsletterSection.m in Sources */,
				C49BA1A51136E59F0015227C /* NewsletterSectionsViewController.m in Sources */,
				C49BA1B61136E8C50015227C /* NewsletterAddSectionViewController.m in Sources */,
				C49BA25011371D540015227C /* NewsletterHTMLPreviewViewController.m in Sources */,
				C45136E1113D9FFF0067B421 /* NewsletterDistributionListViewController.m in Sources */,
				B0D6F254114A9B05008CC24D /* NewsletterItemContentView.m in Sources */,
				C4BA4E93114E8DD3003A0396 /* DocumentEditFormViewController.m in Sources */,
				C4D46A3711516E8B00597793 /* NewsletterBaseViewController.m in Sources */,
				C485C93E11614120005CFD2E /* NewslettersScrollViewController.m in Sources */,
				C47E3B12116248A800BDB577 /* NewsletterScrollItemController.m in Sources */,
				B0C078141163F0F7003F0C22 /* BlankToolbar.m in Sources */,
				C47E684B116A3391008C8AB2 /* MetaTag.m in Sources */,
				C47E68F8116B9497008C8AB2 /* TextMatch.m in Sources */,
				C47E6924116B9AEC008C8AB2 /* highlightText.js in Sources */,
				C47E693E116BACD5008C8AB2 /* readability2.js in Sources */,
				B02F24B4116CF705008A0200 /* NewsletterUpdateFormViewController.m in Sources */,
				B0024DED116D6B91002F7424 /* NewsletterView.m in Sources */,
			);
			runOnlyForDeploymentPostprocessing = 0;
		};
/* End PBXSourcesBuildPhase section */

/* Begin XCBuildConfiguration section */
		1D6058940D05DD3E006BFB54 /* Debug */ = {
			isa = XCBuildConfiguration;
			buildSettings = {
				ALWAYS_SEARCH_USER_PATHS = NO;
				CODE_SIGN_IDENTITY = "iPhone Developer: robert stewart (48WE8248AA)";
				"CODE_SIGN_IDENTITY[sdk=iphoneos*]" = "iPhone Developer: robert stewart (48WE8248AA)";
				COPY_PHASE_STRIP = NO;
				GCC_DYNAMIC_NO_PIC = NO;
				GCC_OPTIMIZATION_LEVEL = 0;
				GCC_PRECOMPILE_PREFIX_HEADER = YES;
				GCC_PREFIX_HEADER = Untitled_Prefix.pch;
				INFOPLIST_FILE = "Untitled-Info.plist";
				PRODUCT_NAME = "InfoNgen Pub";
				PROVISIONING_PROFILE = "D92BD1C4-E6BD-4400-B348-32CCE2CD12AD";
				"PROVISIONING_PROFILE[sdk=iphoneos*]" = "D92BD1C4-E6BD-4400-B348-32CCE2CD12AD";
				TARGETED_DEVICE_FAMILY = 2;
				VERSIONING_SYSTEM = "apple-generic";
			};
			name = Debug;
		};
		1D6058950D05DD3E006BFB54 /* Release */ = {
			isa = XCBuildConfiguration;
			buildSettings = {
				ALWAYS_SEARCH_USER_PATHS = NO;
				CODE_SIGN_IDENTITY = "iPhone Developer: robert stewart (48WE8248AA)";
				"CODE_SIGN_IDENTITY[sdk=iphoneos*]" = "iPhone Developer: robert stewart (48WE8248AA)";
				COPY_PHASE_STRIP = YES;
				GCC_PRECOMPILE_PREFIX_HEADER = YES;
				GCC_PREFIX_HEADER = Untitled_Prefix.pch;
				INFOPLIST_FILE = "Untitled-Info.plist";
				PRODUCT_NAME = Untitled;
				PROVISIONING_PROFILE = "D92BD1C4-E6BD-4400-B348-32CCE2CD12AD";
				"PROVISIONING_PROFILE[sdk=iphoneos*]" = "D92BD1C4-E6BD-4400-B348-32CCE2CD12AD";
				TARGETED_DEVICE_FAMILY = 2;
				VALIDATE_PRODUCT = YES;
			};
			name = Release;
		};
		C01FCF4F08A954540054247B /* Debug */ = {
			isa = XCBuildConfiguration;
			buildSettings = {
				ARCHS = "$(ARCHS_STANDARD_32_BIT)";
				"CODE_SIGN_IDENTITY[sdk=iphoneos*]" = "iPhone Developer";
				GCC_C_LANGUAGE_STANDARD = c99;
				GCC_WARN_ABOUT_RETURN_TYPE = YES;
				GCC_WARN_UNUSED_VARIABLE = YES;
				HEADER_SEARCH_PATHS = /usr/include/libxml2;
				OTHER_LDFLAGS = "-lxml2";
				PREBINDING = NO;
				SDKROOT = iphoneos3.2;
			};
			name = Debug;
		};
		C01FCF5008A954540054247B /* Release */ = {
			isa = XCBuildConfiguration;
			buildSettings = {
				ARCHS = "$(ARCHS_STANDARD_32_BIT)";
				"CODE_SIGN_IDENTITY[sdk=iphoneos*]" = "iPhone Developer";
				GCC_C_LANGUAGE_STANDARD = c99;
				GCC_WARN_ABOUT_RETURN_TYPE = YES;
				GCC_WARN_UNUSED_VARIABLE = YES;
				HEADER_SEARCH_PATHS = /usr/include/libxml2;
				OTHER_LDFLAGS = "-lxml2";
				PREBINDING = NO;
				SDKROOT = iphoneos3.2;
			};
			name = Release;
		};
/* End XCBuildConfiguration section */

/* Begin XCConfigurationList section */
		1D6058960D05DD3E006BFB54 /* Build configuration list for PBXNativeTarget "InfoNgen Pub" */ = {
			isa = XCConfigurationList;
			buildConfigurations = (
				1D6058940D05DD3E006BFB54 /* Debug */,
				1D6058950D05DD3E006BFB54 /* Release */,
			);
			defaultConfigurationIsVisible = 0;
			defaultConfigurationName = Release;
		};
		C01FCF4E08A954540054247B /* Build configuration list for PBXProject "Untitled" */ = {
			isa = XCConfigurationList;
			buildConfigurations = (
				C01FCF4F08A954540054247B /* Debug */,
				C01FCF5008A954540054247B /* Release */,
			);
			defaultConfigurationIsVisible = 0;
			defaultConfigurationName = Release;
		};
/* End XCConfigurationList section */
	};
	rootObject = 29B97313FDCFA39411CA2CEA /* Project object */;
}
